// !$*UTF8*$!
{
	archiveVersion = 1;
	classes = {
	};
	objectVersion = 46;
	objects = {

/* Begin PBXBuildFile section */
		07D24CF81D866704002C69BF /* main.m in Sources */ = {isa = PBXBuildFile; fileRef = 07D24CF71D866704002C69BF /* main.m */; };
		07D24CFB1D866704002C69BF /* AppDelegate.m in Sources */ = {isa = PBXBuildFile; fileRef = 07D24CFA1D866704002C69BF /* AppDelegate.m */; };
		07D24D011D866704002C69BF /* Main.storyboard in Resources */ = {isa = PBXBuildFile; fileRef = 07D24CFF1D866704002C69BF /* Main.storyboard */; };
		07D24D031D866704002C69BF /* Assets.xcassets in Resources */ = {isa = PBXBuildFile; fileRef = 07D24D021D866704002C69BF /* Assets.xcassets */; };
		07D24D061D866704002C69BF /* LaunchScreen.storyboard in Resources */ = {isa = PBXBuildFile; fileRef = 07D24D041D866704002C69BF /* LaunchScreen.storyboard */; };
		07D24D151D8667DC002C69BF /* AVFoundation.framework in Frameworks */ = {isa = PBXBuildFile; fileRef = 07D24D141D8667DC002C69BF /* AVFoundation.framework */; };
		07D24D171D8667E7002C69BF /* VideoToolbox.framework in Frameworks */ = {isa = PBXBuildFile; fileRef = 07D24D161D8667E7002C69BF /* VideoToolbox.framework */; };
		07D24D191D8667EC002C69BF /* libc++.tbd in Frameworks */ = {isa = PBXBuildFile; fileRef = 07D24D181D8667EC002C69BF /* libc++.tbd */; };
		07D24D1B1D8667F5002C69BF /* AudioToolbox.framework in Frameworks */ = {isa = PBXBuildFile; fileRef = 07D24D1A1D8667F5002C69BF /* AudioToolbox.framework */; };
		07D24D1D1D8667FB002C69BF /* CoreMotion.framework in Frameworks */ = {isa = PBXBuildFile; fileRef = 07D24D1C1D8667FB002C69BF /* CoreMotion.framework */; };
		07D24D1F1D866802002C69BF /* CoreMedia.framework in Frameworks */ = {isa = PBXBuildFile; fileRef = 07D24D1E1D866802002C69BF /* CoreMedia.framework */; };
		07D24D211D866809002C69BF /* CoreTelephony.framework in Frameworks */ = {isa = PBXBuildFile; fileRef = 07D24D201D866809002C69BF /* CoreTelephony.framework */; };
		07D24D301D867644002C69BF /* KeyCenter.m in Sources */ = {isa = PBXBuildFile; fileRef = 07D24D231D867644002C69BF /* KeyCenter.m */; };
		07D24D311D867644002C69BF /* LiveRoomViewController.m in Sources */ = {isa = PBXBuildFile; fileRef = 07D24D251D867644002C69BF /* LiveRoomViewController.m */; };
		07D24D321D867644002C69BF /* MainViewController.m in Sources */ = {isa = PBXBuildFile; fileRef = 07D24D271D867644002C69BF /* MainViewController.m */; };
		07D24D331D867644002C69BF /* ProfileCell.m in Sources */ = {isa = PBXBuildFile; fileRef = 07D24D291D867644002C69BF /* ProfileCell.m */; };
		07D24D341D867644002C69BF /* SettingsViewController.m in Sources */ = {isa = PBXBuildFile; fileRef = 07D24D2B1D867644002C69BF /* SettingsViewController.m */; };
		07D24D351D867644002C69BF /* VideoViewLayouter.m in Sources */ = {isa = PBXBuildFile; fileRef = 07D24D2D1D867644002C69BF /* VideoViewLayouter.m */; };
		07D24D361D867644002C69BF /* VideoSession.m in Sources */ = {isa = PBXBuildFile; fileRef = 07D24D2F1D867644002C69BF /* VideoSession.m */; };
		07D29C3C1E9E192A00C3583C /* libresolv.tbd in Frameworks */ = {isa = PBXBuildFile; fileRef = 07D29C3B1E9E192A00C3583C /* libresolv.tbd */; };
		0B30174223599D5F00B967C4 /* Localizable.strings in Resources */ = {isa = PBXBuildFile; fileRef = 0B30173723599D5F00B967C4 /* Localizable.strings */; };
		0B30174323599D5F00B967C4 /* InfoPlist.strings in Resources */ = {isa = PBXBuildFile; fileRef = 0B30173923599D5F00B967C4 /* InfoPlist.strings */; };
		0B30174423599D5F00B967C4 /* LaunchScreen.strings in Resources */ = {isa = PBXBuildFile; fileRef = 0B30173C23599D5F00B967C4 /* LaunchScreen.strings */; };
		0B30174523599D5F00B967C4 /* Localizable.strings in Resources */ = {isa = PBXBuildFile; fileRef = 0B30173E23599D5F00B967C4 /* Localizable.strings */; };
		0B30174623599D5F00B967C4 /* InfoPlist.strings in Resources */ = {isa = PBXBuildFile; fileRef = 0B30174023599D5F00B967C4 /* InfoPlist.strings */; };
		0B69408623B0F89700E7EF16 /* libeffect-sdk.a in Frameworks */ = {isa = PBXBuildFile; fileRef = 0B69408523B0F89700E7EF16 /* libeffect-sdk.a */; };
		0BADBB2923556F2100A81922 /* UIKit.framework in Frameworks */ = {isa = PBXBuildFile; fileRef = 0BADBB2823556F2100A81922 /* UIKit.framework */; };
		14A5E957248E1835006631F1 /* srmetal.metallib in Resources */ = {isa = PBXBuildFile; fileRef = 14A5E955248E1835006631F1 /* srmetal.metallib */; };
		14A5E958248E1835006631F1 /* model.bundle in Resources */ = {isa = PBXBuildFile; fileRef = 14A5E956248E1835006631F1 /* model.bundle */; };
		14A5E95B248E1CDD006631F1 /* AGMCapturer.framework in Frameworks */ = {isa = PBXBuildFile; fileRef = 14A5E959248E1CDD006631F1 /* AGMCapturer.framework */; };
		14A5E95D248E1CDD006631F1 /* AGMBase.framework in Frameworks */ = {isa = PBXBuildFile; fileRef = 14A5E95A248E1CDD006631F1 /* AGMBase.framework */; };
		382885B52249DC390023BCFA /* CoreML.framework in Frameworks */ = {isa = PBXBuildFile; fileRef = 382885B42249DC390023BCFA /* CoreML.framework */; };
		38D618B8224A5FAE004A6C87 /* BeautyEffectTableViewController.m in Sources */ = {isa = PBXBuildFile; fileRef = 38D618B7224A5FAE004A6C87 /* BeautyEffectTableViewController.m */; };
		5D951A437AE740A6631DE1F9 /* Pods_OpenLive.framework in Frameworks */ = {isa = PBXBuildFile; fileRef = 84757568F5EF760A7D4FD922 /* Pods_OpenLive.framework */; };
		704E32D31FEB50A10027B6DB /* SystemConfiguration.framework in Frameworks */ = {isa = PBXBuildFile; fileRef = 704E32D21FEB50A10027B6DB /* SystemConfiguration.framework */; };
		84AE0DD224863DE0007EFC9A /* ModelResource.bundle in Resources */ = {isa = PBXBuildFile; fileRef = 84AE0DCF24863DDF007EFC9A /* ModelResource.bundle */; };
		84AE0DD324863DE0007EFC9A /* ComposeMakeup.bundle in Resources */ = {isa = PBXBuildFile; fileRef = 84AE0DD024863DDF007EFC9A /* ComposeMakeup.bundle */; };
		84AE0DD424863DE0007EFC9A /* LicenseBag.bundle in Resources */ = {isa = PBXBuildFile; fileRef = 84AE0DD124863DDF007EFC9A /* LicenseBag.bundle */; };
		84AE0ED924865EE5007EFC9A /* BEVideoCapture.m in Sources */ = {isa = PBXBuildFile; fileRef = 84AE0E7624865EE5007EFC9A /* BEVideoCapture.m */; };
		84AE0EDA24865EE5007EFC9A /* BEBeautyPickerCommonDefines.m in Sources */ = {isa = PBXBuildFile; fileRef = 84AE0E7724865EE5007EFC9A /* BEBeautyPickerCommonDefines.m */; };
		84AE0EDB24865EE5007EFC9A /* BEDeviceInfoHelper.m in Sources */ = {isa = PBXBuildFile; fileRef = 84AE0E7824865EE5007EFC9A /* BEDeviceInfoHelper.m */; };
		84AE0EDC24865EE5007EFC9A /* BEModernEffectPickerControlFactory.m in Sources */ = {isa = PBXBuildFile; fileRef = 84AE0E7924865EE5007EFC9A /* BEModernEffectPickerControlFactory.m */; };
		84AE0EDD24865EE5007EFC9A /* BEAnimationUtils.m in Sources */ = {isa = PBXBuildFile; fileRef = 84AE0E7A24865EE5007EFC9A /* BEAnimationUtils.m */; };
		84AE0EDE24865EE5007EFC9A /* BEGlobalData.m in Sources */ = {isa = PBXBuildFile; fileRef = 84AE0E7B24865EE5007EFC9A /* BEGlobalData.m */; };
		84AE0EDF24865EE5007EFC9A /* BEArrayDataSource.m in Sources */ = {isa = PBXBuildFile; fileRef = 84AE0E7C24865EE5007EFC9A /* BEArrayDataSource.m */; };
		84AE0EE024865EE5007EFC9A /* BEStudioConstants.m in Sources */ = {isa = PBXBuildFile; fileRef = 84AE0E7D24865EE5007EFC9A /* BEStudioConstants.m */; };
		84AE0EE124865EE5007EFC9A /* BEButtonItemModel.m in Sources */ = {isa = PBXBuildFile; fileRef = 84AE0E8A24865EE5007EFC9A /* BEButtonItemModel.m */; };
		84AE0EE224865EE5007EFC9A /* BEComposerNodeModel.m in Sources */ = {isa = PBXBuildFile; fileRef = 84AE0E8B24865EE5007EFC9A /* BEComposerNodeModel.m */; };
		84AE0EE324865EE5007EFC9A /* BEEffectResponseModel.m in Sources */ = {isa = PBXBuildFile; fileRef = 84AE0E8C24865EE5007EFC9A /* BEEffectResponseModel.m */; };
		84AE0EE424865EE5007EFC9A /* BEEffectDataManager.m in Sources */ = {isa = PBXBuildFile; fileRef = 84AE0E8F24865EE5007EFC9A /* BEEffectDataManager.m */; };
		84AE0EE524865EE5007EFC9A /* BEModernFilterPickerViewController.m in Sources */ = {isa = PBXBuildFile; fileRef = 84AE0E9624865EE5007EFC9A /* BEModernFilterPickerViewController.m */; };
		84AE0EE624865EE5007EFC9A /* BEFaceBeautyViewController.m in Sources */ = {isa = PBXBuildFile; fileRef = 84AE0E9724865EE5007EFC9A /* BEFaceBeautyViewController.m */; };
		84AE0EE724865EE5007EFC9A /* BEVideoRecorderViewController.m in Sources */ = {isa = PBXBuildFile; fileRef = 84AE0E9824865EE5007EFC9A /* BEVideoRecorderViewController.m */; };
		84AE0EE824865EE5007EFC9A /* BEEffectManager.mm in Sources */ = {isa = PBXBuildFile; fileRef = 84AE0E9B24865EE5007EFC9A /* BEEffectManager.mm */; };
		84AE0EE924865EE5007EFC9A /* BEFrameProcessor.mm in Sources */ = {isa = PBXBuildFile; fileRef = 84AE0E9C24865EE5007EFC9A /* BEFrameProcessor.mm */; };
		84AE0EEA24865EE5007EFC9A /* BEResourceHelper.m in Sources */ = {isa = PBXBuildFile; fileRef = 84AE0E9E24865EE5007EFC9A /* BEResourceHelper.m */; };
		84AE0EEB24865EE5007EFC9A /* BERenderHelper.m in Sources */ = {isa = PBXBuildFile; fileRef = 84AE0E9F24865EE5007EFC9A /* BERenderHelper.m */; };
		84AE0EEC24865EE5007EFC9A /* BERender.mm in Sources */ = {isa = PBXBuildFile; fileRef = 84AE0EA324865EE5007EFC9A /* BERender.mm */; };
		84AE0EED24865EE5007EFC9A /* BEModernEffectPickerView.m in Sources */ = {isa = PBXBuildFile; fileRef = 84AE0EA724865EE5007EFC9A /* BEModernEffectPickerView.m */; };
		84AE0EEE24865EE5007EFC9A /* BEModernFilterPickerView.m in Sources */ = {isa = PBXBuildFile; fileRef = 84AE0EAB24865EE5007EFC9A /* BEModernFilterPickerView.m */; };
		84AE0EEF24865EE5007EFC9A /* BEFaceBeautyView.m in Sources */ = {isa = PBXBuildFile; fileRef = 84AE0EAC24865EE5007EFC9A /* BEFaceBeautyView.m */; };
		84AE0EF024865EE5007EFC9A /* BEGLView.m in Sources */ = {isa = PBXBuildFile; fileRef = 84AE0EAD24865EE5007EFC9A /* BEGLView.m */; };
		84AE0EF124865EE5007EFC9A /* BEModernStickerPickerView.m in Sources */ = {isa = PBXBuildFile; fileRef = 84AE0EB024865EE5007EFC9A /* BEModernStickerPickerView.m */; };
		84AE0EF224865EE5007EFC9A /* BEModernStickerCollectionViewCell.m in Sources */ = {isa = PBXBuildFile; fileRef = 84AE0EB224865EE5007EFC9A /* BEModernStickerCollectionViewCell.m */; };
		84AE0EF324865EE5007EFC9A /* BEEffectTitleCollectionViewCell.m in Sources */ = {isa = PBXBuildFile; fileRef = 84AE0EB424865EE5007EFC9A /* BEEffectTitleCollectionViewCell.m */; };
		84AE0EF424865EE5007EFC9A /* BEEffectContentCollectionViewCell.m in Sources */ = {isa = PBXBuildFile; fileRef = 84AE0EB524865EE5007EFC9A /* BEEffectContentCollectionViewCell.m */; };
		84AE0EF524865EE5007EFC9A /* BEModernFilterCollectionViewCell.m in Sources */ = {isa = PBXBuildFile; fileRef = 84AE0EB724865EE5007EFC9A /* BEModernFilterCollectionViewCell.m */; };
		84AE0EF624865EE5007EFC9A /* BECameraContainerView.m in Sources */ = {isa = PBXBuildFile; fileRef = 84AE0EBA24865EE5007EFC9A /* BECameraContainerView.m */; };
		84AE0EF724865EE5007EFC9A /* BEEffectSwitchTabView.m in Sources */ = {isa = PBXBuildFile; fileRef = 84AE0EBF24865EE5007EFC9A /* BEEffectSwitchTabView.m */; };
		84AE0EF824865EE5007EFC9A /* BECategoryView.m in Sources */ = {isa = PBXBuildFile; fileRef = 84AE0EC124865EE5007EFC9A /* BECategoryView.m */; };
		84AE0EF924865EE5007EFC9A /* BEButtonView.m in Sources */ = {isa = PBXBuildFile; fileRef = 84AE0EC224865EE5007EFC9A /* BEButtonView.m */; };
		84AE0EFA24865EE5007EFC9A /* BEButtonViewCell.m in Sources */ = {isa = PBXBuildFile; fileRef = 84AE0EC324865EE5007EFC9A /* BEButtonViewCell.m */; };
		84AE0EFB24865EE5007EFC9A /* BETextSliderView.m in Sources */ = {isa = PBXBuildFile; fileRef = 84AE0EC624865EE5007EFC9A /* BETextSliderView.m */; };
		84AE0EFC24865EE5007EFC9A /* BEAppDelegate.m in Sources */ = {isa = PBXBuildFile; fileRef = 84AE0EC924865EE5007EFC9A /* BEAppDelegate.m */; };
		84AE0EFD24865EE5007EFC9A /* UIViewController+BEAdd.m in Sources */ = {isa = PBXBuildFile; fileRef = 84AE0ECD24865EE5007EFC9A /* UIViewController+BEAdd.m */; };
		84AE0EFE24865EE5007EFC9A /* UIResponder+BEAdd.m in Sources */ = {isa = PBXBuildFile; fileRef = 84AE0ECF24865EE5007EFC9A /* UIResponder+BEAdd.m */; };
		84AE0EFF24865EE5007EFC9A /* NSString+BEAdd.m in Sources */ = {isa = PBXBuildFile; fileRef = 84AE0ED024865EE5007EFC9A /* NSString+BEAdd.m */; };
		84AE0F0024865EE5007EFC9A /* UITableViewCell+BEAdd.m in Sources */ = {isa = PBXBuildFile; fileRef = 84AE0ED124865EE5007EFC9A /* UITableViewCell+BEAdd.m */; };
		84AE0F0124865EE5007EFC9A /* NSArray+BEAdd.m in Sources */ = {isa = PBXBuildFile; fileRef = 84AE0ED224865EE5007EFC9A /* NSArray+BEAdd.m */; };
		84AE0F0224865EE5007EFC9A /* UIView+BEAdd.m in Sources */ = {isa = PBXBuildFile; fileRef = 84AE0ED324865EE5007EFC9A /* UIView+BEAdd.m */; };
		84AE0F0324865EE5007EFC9A /* UICollectionViewCell+BEAdd.m in Sources */ = {isa = PBXBuildFile; fileRef = 84AE0ED724865EE5007EFC9A /* UICollectionViewCell+BEAdd.m */; };
		A7C50EF5212168BD00774322 /* Accelerate.framework in Frameworks */ = {isa = PBXBuildFile; fileRef = A7C50EF4212168BD00774322 /* Accelerate.framework */; };
/* End PBXBuildFile section */

/* Begin PBXFileReference section */
		07D24CF31D866704002C69BF /* OpenLive.app */ = {isa = PBXFileReference; explicitFileType = wrapper.application; includeInIndex = 0; path = OpenLive.app; sourceTree = BUILT_PRODUCTS_DIR; };
		07D24CF71D866704002C69BF /* main.m */ = {isa = PBXFileReference; lastKnownFileType = sourcecode.c.objc; path = main.m; sourceTree = "<group>"; };
		07D24CF91D866704002C69BF /* AppDelegate.h */ = {isa = PBXFileReference; lastKnownFileType = sourcecode.c.h; path = AppDelegate.h; sourceTree = "<group>"; };
		07D24CFA1D866704002C69BF /* AppDelegate.m */ = {isa = PBXFileReference; lastKnownFileType = sourcecode.c.objc; path = AppDelegate.m; sourceTree = "<group>"; };
		07D24D001D866704002C69BF /* Base */ = {isa = PBXFileReference; lastKnownFileType = file.storyboard; name = Base; path = Base.lproj/Main.storyboard; sourceTree = "<group>"; };
		07D24D021D866704002C69BF /* Assets.xcassets */ = {isa = PBXFileReference; lastKnownFileType = folder.assetcatalog; path = Assets.xcassets; sourceTree = "<group>"; };
		07D24D051D866704002C69BF /* Base */ = {isa = PBXFileReference; lastKnownFileType = file.storyboard; name = Base; path = Base.lproj/LaunchScreen.storyboard; sourceTree = "<group>"; };
		07D24D071D866704002C69BF /* Info.plist */ = {isa = PBXFileReference; lastKnownFileType = text.plist.xml; path = Info.plist; sourceTree = "<group>"; };
		07D24D141D8667DC002C69BF /* AVFoundation.framework */ = {isa = PBXFileReference; lastKnownFileType = wrapper.framework; name = AVFoundation.framework; path = System/Library/Frameworks/AVFoundation.framework; sourceTree = SDKROOT; };
		07D24D161D8667E7002C69BF /* VideoToolbox.framework */ = {isa = PBXFileReference; lastKnownFileType = wrapper.framework; name = VideoToolbox.framework; path = System/Library/Frameworks/VideoToolbox.framework; sourceTree = SDKROOT; };
		07D24D181D8667EC002C69BF /* libc++.tbd */ = {isa = PBXFileReference; lastKnownFileType = "sourcecode.text-based-dylib-definition"; name = "libc++.tbd"; path = "usr/lib/libc++.tbd"; sourceTree = SDKROOT; };
		07D24D1A1D8667F5002C69BF /* AudioToolbox.framework */ = {isa = PBXFileReference; lastKnownFileType = wrapper.framework; name = AudioToolbox.framework; path = System/Library/Frameworks/AudioToolbox.framework; sourceTree = SDKROOT; };
		07D24D1C1D8667FB002C69BF /* CoreMotion.framework */ = {isa = PBXFileReference; lastKnownFileType = wrapper.framework; name = CoreMotion.framework; path = System/Library/Frameworks/CoreMotion.framework; sourceTree = SDKROOT; };
		07D24D1E1D866802002C69BF /* CoreMedia.framework */ = {isa = PBXFileReference; lastKnownFileType = wrapper.framework; name = CoreMedia.framework; path = System/Library/Frameworks/CoreMedia.framework; sourceTree = SDKROOT; };
		07D24D201D866809002C69BF /* CoreTelephony.framework */ = {isa = PBXFileReference; lastKnownFileType = wrapper.framework; name = CoreTelephony.framework; path = System/Library/Frameworks/CoreTelephony.framework; sourceTree = SDKROOT; };
		07D24D221D867644002C69BF /* KeyCenter.h */ = {isa = PBXFileReference; fileEncoding = 4; lastKnownFileType = sourcecode.c.h; path = KeyCenter.h; sourceTree = "<group>"; };
		07D24D231D867644002C69BF /* KeyCenter.m */ = {isa = PBXFileReference; fileEncoding = 4; lastKnownFileType = sourcecode.c.objc; path = KeyCenter.m; sourceTree = "<group>"; };
		07D24D241D867644002C69BF /* LiveRoomViewController.h */ = {isa = PBXFileReference; fileEncoding = 4; lastKnownFileType = sourcecode.c.h; path = LiveRoomViewController.h; sourceTree = "<group>"; };
		07D24D251D867644002C69BF /* LiveRoomViewController.m */ = {isa = PBXFileReference; fileEncoding = 4; lastKnownFileType = sourcecode.c.objc; path = LiveRoomViewController.m; sourceTree = "<group>"; };
		07D24D261D867644002C69BF /* MainViewController.h */ = {isa = PBXFileReference; fileEncoding = 4; lastKnownFileType = sourcecode.c.h; path = MainViewController.h; sourceTree = "<group>"; };
		07D24D271D867644002C69BF /* MainViewController.m */ = {isa = PBXFileReference; fileEncoding = 4; lastKnownFileType = sourcecode.c.objc; path = MainViewController.m; sourceTree = "<group>"; };
		07D24D281D867644002C69BF /* ProfileCell.h */ = {isa = PBXFileReference; fileEncoding = 4; lastKnownFileType = sourcecode.c.h; path = ProfileCell.h; sourceTree = "<group>"; };
		07D24D291D867644002C69BF /* ProfileCell.m */ = {isa = PBXFileReference; fileEncoding = 4; lastKnownFileType = sourcecode.c.objc; path = ProfileCell.m; sourceTree = "<group>"; };
		07D24D2A1D867644002C69BF /* SettingsViewController.h */ = {isa = PBXFileReference; fileEncoding = 4; lastKnownFileType = sourcecode.c.h; path = SettingsViewController.h; sourceTree = "<group>"; };
		07D24D2B1D867644002C69BF /* SettingsViewController.m */ = {isa = PBXFileReference; fileEncoding = 4; lastKnownFileType = sourcecode.c.objc; path = SettingsViewController.m; sourceTree = "<group>"; };
		07D24D2C1D867644002C69BF /* VideoViewLayouter.h */ = {isa = PBXFileReference; fileEncoding = 4; lastKnownFileType = sourcecode.c.h; path = VideoViewLayouter.h; sourceTree = "<group>"; };
		07D24D2D1D867644002C69BF /* VideoViewLayouter.m */ = {isa = PBXFileReference; fileEncoding = 4; lastKnownFileType = sourcecode.c.objc; path = VideoViewLayouter.m; sourceTree = "<group>"; };
		07D24D2E1D867644002C69BF /* VideoSession.h */ = {isa = PBXFileReference; fileEncoding = 4; lastKnownFileType = sourcecode.c.h; path = VideoSession.h; sourceTree = "<group>"; };
		07D24D2F1D867644002C69BF /* VideoSession.m */ = {isa = PBXFileReference; fileEncoding = 4; lastKnownFileType = sourcecode.c.objc; path = VideoSession.m; sourceTree = "<group>"; };
		07D29C3B1E9E192A00C3583C /* libresolv.tbd */ = {isa = PBXFileReference; lastKnownFileType = "sourcecode.text-based-dylib-definition"; name = libresolv.tbd; path = usr/lib/libresolv.tbd; sourceTree = SDKROOT; };
		0B30173823599D5F00B967C4 /* en */ = {isa = PBXFileReference; lastKnownFileType = text.plist.strings; name = en; path = Localizable.strings; sourceTree = "<group>"; };
		0B30173A23599D5F00B967C4 /* en */ = {isa = PBXFileReference; lastKnownFileType = text.plist.strings; name = en; path = InfoPlist.strings; sourceTree = "<group>"; };
		0B30173D23599D5F00B967C4 /* zh-Hans */ = {isa = PBXFileReference; lastKnownFileType = text.plist.strings; name = "zh-Hans"; path = LaunchScreen.strings; sourceTree = "<group>"; };
		0B30173F23599D5F00B967C4 /* zh-Hans */ = {isa = PBXFileReference; lastKnownFileType = text.plist.strings; name = "zh-Hans"; path = Localizable.strings; sourceTree = "<group>"; };
		0B30174123599D5F00B967C4 /* zh-Hans */ = {isa = PBXFileReference; lastKnownFileType = text.plist.strings; name = "zh-Hans"; path = InfoPlist.strings; sourceTree = "<group>"; };
		0B69408523B0F89700E7EF16 /* libeffect-sdk.a */ = {isa = PBXFileReference; lastKnownFileType = archive.ar; path = "libeffect-sdk.a"; sourceTree = "<group>"; };
		0B69411E23B1AE8E00E7EF16 /* bef_effect_ai_version.h */ = {isa = PBXFileReference; lastKnownFileType = sourcecode.c.h; path = bef_effect_ai_version.h; sourceTree = "<group>"; };
		0BADBB2823556F2100A81922 /* UIKit.framework */ = {isa = PBXFileReference; lastKnownFileType = wrapper.framework; name = UIKit.framework; path = System/Library/Frameworks/UIKit.framework; sourceTree = SDKROOT; };
		0BADBB2F235572F100A81922 /* bef_effect_ai_public_define.h */ = {isa = PBXFileReference; fileEncoding = 4; lastKnownFileType = sourcecode.c.h; path = bef_effect_ai_public_define.h; sourceTree = "<group>"; };
		0BADBB30235572F100A81922 /* bef_effect_ai_yuv_process.h */ = {isa = PBXFileReference; fileEncoding = 4; lastKnownFileType = sourcecode.c.h; path = bef_effect_ai_yuv_process.h; sourceTree = "<group>"; };
		0BADBB31235572F100A81922 /* byted_effect.h */ = {isa = PBXFileReference; fileEncoding = 4; lastKnownFileType = sourcecode.c.h; path = byted_effect.h; sourceTree = "<group>"; };
		0BADBB32235572F100A81922 /* bef_effect_ai_api.h */ = {isa = PBXFileReference; fileEncoding = 4; lastKnownFileType = sourcecode.c.h; path = bef_effect_ai_api.h; sourceTree = "<group>"; };
		14A5E955248E1835006631F1 /* srmetal.metallib */ = {isa = PBXFileReference; lastKnownFileType = "archive.metal-library"; path = srmetal.metallib; sourceTree = "<group>"; };
		14A5E956248E1835006631F1 /* model.bundle */ = {isa = PBXFileReference; lastKnownFileType = "wrapper.plug-in"; path = model.bundle; sourceTree = "<group>"; };
		14A5E959248E1CDD006631F1 /* AGMCapturer.framework */ = {isa = PBXFileReference; lastKnownFileType = wrapper.framework; path = AGMCapturer.framework; sourceTree = "<group>"; };
		14A5E95A248E1CDD006631F1 /* AGMBase.framework */ = {isa = PBXFileReference; lastKnownFileType = wrapper.framework; path = AGMBase.framework; sourceTree = "<group>"; };
		382885B42249DC390023BCFA /* CoreML.framework */ = {isa = PBXFileReference; lastKnownFileType = wrapper.framework; name = CoreML.framework; path = System/Library/Frameworks/CoreML.framework; sourceTree = SDKROOT; };
		38D618B6224A5FAE004A6C87 /* BeautyEffectTableViewController.h */ = {isa = PBXFileReference; lastKnownFileType = sourcecode.c.h; path = BeautyEffectTableViewController.h; sourceTree = "<group>"; };
		38D618B7224A5FAE004A6C87 /* BeautyEffectTableViewController.m */ = {isa = PBXFileReference; lastKnownFileType = sourcecode.c.objc; path = BeautyEffectTableViewController.m; sourceTree = "<group>"; };
		704E32D21FEB50A10027B6DB /* SystemConfiguration.framework */ = {isa = PBXFileReference; lastKnownFileType = wrapper.framework; name = SystemConfiguration.framework; path = System/Library/Frameworks/SystemConfiguration.framework; sourceTree = SDKROOT; };
		738F51FFB2BEC2A2F130E2F0 /* Pods-OpenLive.release.xcconfig */ = {isa = PBXFileReference; includeInIndex = 1; lastKnownFileType = text.xcconfig; name = "Pods-OpenLive.release.xcconfig"; path = "Target Support Files/Pods-OpenLive/Pods-OpenLive.release.xcconfig"; sourceTree = "<group>"; };
		84757568F5EF760A7D4FD922 /* Pods_OpenLive.framework */ = {isa = PBXFileReference; explicitFileType = wrapper.framework; includeInIndex = 0; path = Pods_OpenLive.framework; sourceTree = BUILT_PRODUCTS_DIR; };
		84AE0DCF24863DDF007EFC9A /* ModelResource.bundle */ = {isa = PBXFileReference; lastKnownFileType = "wrapper.plug-in"; path = ModelResource.bundle; sourceTree = "<group>"; };
		84AE0DD024863DDF007EFC9A /* ComposeMakeup.bundle */ = {isa = PBXFileReference; lastKnownFileType = "wrapper.plug-in"; path = ComposeMakeup.bundle; sourceTree = "<group>"; };
		84AE0DD124863DDF007EFC9A /* LicenseBag.bundle */ = {isa = PBXFileReference; lastKnownFileType = "wrapper.plug-in"; path = LicenseBag.bundle; sourceTree = "<group>"; };
		84AE0E7624865EE5007EFC9A /* BEVideoCapture.m */ = {isa = PBXFileReference; fileEncoding = 4; lastKnownFileType = sourcecode.c.objc; path = BEVideoCapture.m; sourceTree = "<group>"; };
		84AE0E7724865EE5007EFC9A /* BEBeautyPickerCommonDefines.m */ = {isa = PBXFileReference; fileEncoding = 4; lastKnownFileType = sourcecode.c.objc; path = BEBeautyPickerCommonDefines.m; sourceTree = "<group>"; };
		84AE0E7824865EE5007EFC9A /* BEDeviceInfoHelper.m */ = {isa = PBXFileReference; fileEncoding = 4; lastKnownFileType = sourcecode.c.objc; path = BEDeviceInfoHelper.m; sourceTree = "<group>"; };
		84AE0E7924865EE5007EFC9A /* BEModernEffectPickerControlFactory.m */ = {isa = PBXFileReference; fileEncoding = 4; lastKnownFileType = sourcecode.c.objc; path = BEModernEffectPickerControlFactory.m; sourceTree = "<group>"; };
		84AE0E7A24865EE5007EFC9A /* BEAnimationUtils.m */ = {isa = PBXFileReference; fileEncoding = 4; lastKnownFileType = sourcecode.c.objc; path = BEAnimationUtils.m; sourceTree = "<group>"; };
		84AE0E7B24865EE5007EFC9A /* BEGlobalData.m */ = {isa = PBXFileReference; fileEncoding = 4; lastKnownFileType = sourcecode.c.objc; path = BEGlobalData.m; sourceTree = "<group>"; };
		84AE0E7C24865EE5007EFC9A /* BEArrayDataSource.m */ = {isa = PBXFileReference; fileEncoding = 4; lastKnownFileType = sourcecode.c.objc; path = BEArrayDataSource.m; sourceTree = "<group>"; };
		84AE0E7D24865EE5007EFC9A /* BEStudioConstants.m */ = {isa = PBXFileReference; fileEncoding = 4; lastKnownFileType = sourcecode.c.objc; path = BEStudioConstants.m; sourceTree = "<group>"; };
		84AE0E7E24865EE5007EFC9A /* BEBeautyPickerCommonDefines.h */ = {isa = PBXFileReference; fileEncoding = 4; lastKnownFileType = sourcecode.c.h; path = BEBeautyPickerCommonDefines.h; sourceTree = "<group>"; };
		84AE0E7F24865EE5007EFC9A /* BEVideoCapture.h */ = {isa = PBXFileReference; fileEncoding = 4; lastKnownFileType = sourcecode.c.h; path = BEVideoCapture.h; sourceTree = "<group>"; };
		84AE0E8024865EE5007EFC9A /* BEModernEffectPickerControlFactory.h */ = {isa = PBXFileReference; fileEncoding = 4; lastKnownFileType = sourcecode.c.h; path = BEModernEffectPickerControlFactory.h; sourceTree = "<group>"; };
		84AE0E8124865EE5007EFC9A /* BEDeviceInfoHelper.h */ = {isa = PBXFileReference; fileEncoding = 4; lastKnownFileType = sourcecode.c.h; path = BEDeviceInfoHelper.h; sourceTree = "<group>"; };
		84AE0E8224865EE5007EFC9A /* BEArrayDataSource.h */ = {isa = PBXFileReference; fileEncoding = 4; lastKnownFileType = sourcecode.c.h; path = BEArrayDataSource.h; sourceTree = "<group>"; };
		84AE0E8324865EE5007EFC9A /* BEGlobalData.h */ = {isa = PBXFileReference; fileEncoding = 4; lastKnownFileType = sourcecode.c.h; path = BEGlobalData.h; sourceTree = "<group>"; };
		84AE0E8424865EE5007EFC9A /* BEAnimationUtils.h */ = {isa = PBXFileReference; fileEncoding = 4; lastKnownFileType = sourcecode.c.h; path = BEAnimationUtils.h; sourceTree = "<group>"; };
		84AE0E8524865EE5007EFC9A /* BECloseableProtocol.h */ = {isa = PBXFileReference; fileEncoding = 4; lastKnownFileType = sourcecode.c.h; path = BECloseableProtocol.h; sourceTree = "<group>"; };
		84AE0E8624865EE5007EFC9A /* BEStudioConstants.h */ = {isa = PBXFileReference; fileEncoding = 4; lastKnownFileType = sourcecode.c.h; path = BEStudioConstants.h; sourceTree = "<group>"; };
		84AE0E8824865EE5007EFC9A /* BEEffectResponseModel.h */ = {isa = PBXFileReference; fileEncoding = 4; lastKnownFileType = sourcecode.c.h; path = BEEffectResponseModel.h; sourceTree = "<group>"; };
		84AE0E8924865EE5007EFC9A /* BEComposerNodeModel.h */ = {isa = PBXFileReference; fileEncoding = 4; lastKnownFileType = sourcecode.c.h; path = BEComposerNodeModel.h; sourceTree = "<group>"; };
		84AE0E8A24865EE5007EFC9A /* BEButtonItemModel.m */ = {isa = PBXFileReference; fileEncoding = 4; lastKnownFileType = sourcecode.c.objc; path = BEButtonItemModel.m; sourceTree = "<group>"; };
		84AE0E8B24865EE5007EFC9A /* BEComposerNodeModel.m */ = {isa = PBXFileReference; fileEncoding = 4; lastKnownFileType = sourcecode.c.objc; path = BEComposerNodeModel.m; sourceTree = "<group>"; };
		84AE0E8C24865EE5007EFC9A /* BEEffectResponseModel.m */ = {isa = PBXFileReference; fileEncoding = 4; lastKnownFileType = sourcecode.c.objc; path = BEEffectResponseModel.m; sourceTree = "<group>"; };
		84AE0E8D24865EE5007EFC9A /* BEButtonItemModel.h */ = {isa = PBXFileReference; fileEncoding = 4; lastKnownFileType = sourcecode.c.h; path = BEButtonItemModel.h; sourceTree = "<group>"; };
		84AE0E8F24865EE5007EFC9A /* BEEffectDataManager.m */ = {isa = PBXFileReference; fileEncoding = 4; lastKnownFileType = sourcecode.c.objc; path = BEEffectDataManager.m; sourceTree = "<group>"; };
		84AE0E9024865EE5007EFC9A /* BEEffectDataManager.h */ = {isa = PBXFileReference; fileEncoding = 4; lastKnownFileType = sourcecode.c.h; path = BEEffectDataManager.h; sourceTree = "<group>"; };
		84AE0E9224865EE5007EFC9A /* BEVideoRecorderViewController.h */ = {isa = PBXFileReference; fileEncoding = 4; lastKnownFileType = sourcecode.c.h; path = BEVideoRecorderViewController.h; sourceTree = "<group>"; };
		84AE0E9424865EE5007EFC9A /* BEModernFilterPickerViewController.h */ = {isa = PBXFileReference; fileEncoding = 4; lastKnownFileType = sourcecode.c.h; path = BEModernFilterPickerViewController.h; sourceTree = "<group>"; };
		84AE0E9524865EE5007EFC9A /* BEFaceBeautyViewController.h */ = {isa = PBXFileReference; fileEncoding = 4; lastKnownFileType = sourcecode.c.h; path = BEFaceBeautyViewController.h; sourceTree = "<group>"; };
		84AE0E9624865EE5007EFC9A /* BEModernFilterPickerViewController.m */ = {isa = PBXFileReference; fileEncoding = 4; lastKnownFileType = sourcecode.c.objc; path = BEModernFilterPickerViewController.m; sourceTree = "<group>"; };
		84AE0E9724865EE5007EFC9A /* BEFaceBeautyViewController.m */ = {isa = PBXFileReference; fileEncoding = 4; lastKnownFileType = sourcecode.c.objc; path = BEFaceBeautyViewController.m; sourceTree = "<group>"; };
		84AE0E9824865EE5007EFC9A /* BEVideoRecorderViewController.m */ = {isa = PBXFileReference; fileEncoding = 4; lastKnownFileType = sourcecode.c.objc; path = BEVideoRecorderViewController.m; sourceTree = "<group>"; };
		84AE0E9A24865EE5007EFC9A /* BERenderHelper.h */ = {isa = PBXFileReference; fileEncoding = 4; lastKnownFileType = sourcecode.c.h; path = BERenderHelper.h; sourceTree = "<group>"; };
		84AE0E9B24865EE5007EFC9A /* BEEffectManager.mm */ = {isa = PBXFileReference; fileEncoding = 4; lastKnownFileType = sourcecode.cpp.objcpp; path = BEEffectManager.mm; sourceTree = "<group>"; };
		84AE0E9C24865EE5007EFC9A /* BEFrameProcessor.mm */ = {isa = PBXFileReference; fileEncoding = 4; lastKnownFileType = sourcecode.cpp.objcpp; path = BEFrameProcessor.mm; sourceTree = "<group>"; };
		84AE0E9D24865EE5007EFC9A /* BEFrameProcessor.h */ = {isa = PBXFileReference; fileEncoding = 4; lastKnownFileType = sourcecode.c.h; path = BEFrameProcessor.h; sourceTree = "<group>"; };
		84AE0E9E24865EE5007EFC9A /* BEResourceHelper.m */ = {isa = PBXFileReference; fileEncoding = 4; lastKnownFileType = sourcecode.c.objc; path = BEResourceHelper.m; sourceTree = "<group>"; };
		84AE0E9F24865EE5007EFC9A /* BERenderHelper.m */ = {isa = PBXFileReference; fileEncoding = 4; lastKnownFileType = sourcecode.c.objc; path = BERenderHelper.m; sourceTree = "<group>"; };
		84AE0EA024865EE5007EFC9A /* BEEffectManager.h */ = {isa = PBXFileReference; fileEncoding = 4; lastKnownFileType = sourcecode.c.h; path = BEEffectManager.h; sourceTree = "<group>"; };
		84AE0EA124865EE5007EFC9A /* BERender.h */ = {isa = PBXFileReference; fileEncoding = 4; lastKnownFileType = sourcecode.c.h; path = BERender.h; sourceTree = "<group>"; };
		84AE0EA224865EE5007EFC9A /* BEResourceHelper.h */ = {isa = PBXFileReference; fileEncoding = 4; lastKnownFileType = sourcecode.c.h; path = BEResourceHelper.h; sourceTree = "<group>"; };
		84AE0EA324865EE5007EFC9A /* BERender.mm */ = {isa = PBXFileReference; fileEncoding = 4; lastKnownFileType = sourcecode.cpp.objcpp; path = BERender.mm; sourceTree = "<group>"; };
		84AE0EA524865EE5007EFC9A /* BECameraContainerView.h */ = {isa = PBXFileReference; fileEncoding = 4; lastKnownFileType = sourcecode.c.h; path = BECameraContainerView.h; sourceTree = "<group>"; };
		84AE0EA724865EE5007EFC9A /* BEModernEffectPickerView.m */ = {isa = PBXFileReference; fileEncoding = 4; lastKnownFileType = sourcecode.c.objc; path = BEModernEffectPickerView.m; sourceTree = "<group>"; };
		84AE0EA824865EE5007EFC9A /* BEModernFilterPickerView.h */ = {isa = PBXFileReference; fileEncoding = 4; lastKnownFileType = sourcecode.c.h; path = BEModernFilterPickerView.h; sourceTree = "<group>"; };
		84AE0EA924865EE5007EFC9A /* BEFaceBeautyView.h */ = {isa = PBXFileReference; fileEncoding = 4; lastKnownFileType = sourcecode.c.h; path = BEFaceBeautyView.h; sourceTree = "<group>"; };
		84AE0EAA24865EE5007EFC9A /* BEModernEffectPickerView.h */ = {isa = PBXFileReference; fileEncoding = 4; lastKnownFileType = sourcecode.c.h; path = BEModernEffectPickerView.h; sourceTree = "<group>"; };
		84AE0EAB24865EE5007EFC9A /* BEModernFilterPickerView.m */ = {isa = PBXFileReference; fileEncoding = 4; lastKnownFileType = sourcecode.c.objc; path = BEModernFilterPickerView.m; sourceTree = "<group>"; };
		84AE0EAC24865EE5007EFC9A /* BEFaceBeautyView.m */ = {isa = PBXFileReference; fileEncoding = 4; lastKnownFileType = sourcecode.c.objc; path = BEFaceBeautyView.m; sourceTree = "<group>"; };
		84AE0EAD24865EE5007EFC9A /* BEGLView.m */ = {isa = PBXFileReference; fileEncoding = 4; lastKnownFileType = sourcecode.c.objc; path = BEGLView.m; sourceTree = "<group>"; };
		84AE0EAF24865EE5007EFC9A /* BEModernStickerPickerView.h */ = {isa = PBXFileReference; fileEncoding = 4; lastKnownFileType = sourcecode.c.h; path = BEModernStickerPickerView.h; sourceTree = "<group>"; };
		84AE0EB024865EE5007EFC9A /* BEModernStickerPickerView.m */ = {isa = PBXFileReference; fileEncoding = 4; lastKnownFileType = sourcecode.c.objc; path = BEModernStickerPickerView.m; sourceTree = "<group>"; };
		84AE0EB224865EE5007EFC9A /* BEModernStickerCollectionViewCell.m */ = {isa = PBXFileReference; fileEncoding = 4; lastKnownFileType = sourcecode.c.objc; path = BEModernStickerCollectionViewCell.m; sourceTree = "<group>"; };
		84AE0EB324865EE5007EFC9A /* BEModernFilterCollectionViewCell.h */ = {isa = PBXFileReference; fileEncoding = 4; lastKnownFileType = sourcecode.c.h; path = BEModernFilterCollectionViewCell.h; sourceTree = "<group>"; };
		84AE0EB424865EE5007EFC9A /* BEEffectTitleCollectionViewCell.m */ = {isa = PBXFileReference; fileEncoding = 4; lastKnownFileType = sourcecode.c.objc; path = BEEffectTitleCollectionViewCell.m; sourceTree = "<group>"; };
		84AE0EB524865EE5007EFC9A /* BEEffectContentCollectionViewCell.m */ = {isa = PBXFileReference; fileEncoding = 4; lastKnownFileType = sourcecode.c.objc; path = BEEffectContentCollectionViewCell.m; sourceTree = "<group>"; };
		84AE0EB624865EE5007EFC9A /* BEEffectTitleCollectionViewCell.h */ = {isa = PBXFileReference; fileEncoding = 4; lastKnownFileType = sourcecode.c.h; path = BEEffectTitleCollectionViewCell.h; sourceTree = "<group>"; };
		84AE0EB724865EE5007EFC9A /* BEModernFilterCollectionViewCell.m */ = {isa = PBXFileReference; fileEncoding = 4; lastKnownFileType = sourcecode.c.objc; path = BEModernFilterCollectionViewCell.m; sourceTree = "<group>"; };
		84AE0EB824865EE5007EFC9A /* BEModernStickerCollectionViewCell.h */ = {isa = PBXFileReference; fileEncoding = 4; lastKnownFileType = sourcecode.c.h; path = BEModernStickerCollectionViewCell.h; sourceTree = "<group>"; };
		84AE0EB924865EE5007EFC9A /* BEEffectContentCollectionViewCell.h */ = {isa = PBXFileReference; fileEncoding = 4; lastKnownFileType = sourcecode.c.h; path = BEEffectContentCollectionViewCell.h; sourceTree = "<group>"; };
		84AE0EBA24865EE5007EFC9A /* BECameraContainerView.m */ = {isa = PBXFileReference; fileEncoding = 4; lastKnownFileType = sourcecode.c.objc; path = BECameraContainerView.m; sourceTree = "<group>"; };
		84AE0EBB24865EE5007EFC9A /* BEGLView.h */ = {isa = PBXFileReference; fileEncoding = 4; lastKnownFileType = sourcecode.c.h; path = BEGLView.h; sourceTree = "<group>"; };
		84AE0EBD24865EE5007EFC9A /* BEButtonView.h */ = {isa = PBXFileReference; fileEncoding = 4; lastKnownFileType = sourcecode.c.h; path = BEButtonView.h; sourceTree = "<group>"; };
		84AE0EBE24865EE5007EFC9A /* BEButtonViewCell.h */ = {isa = PBXFileReference; fileEncoding = 4; lastKnownFileType = sourcecode.c.h; path = BEButtonViewCell.h; sourceTree = "<group>"; };
		84AE0EBF24865EE5007EFC9A /* BEEffectSwitchTabView.m */ = {isa = PBXFileReference; fileEncoding = 4; lastKnownFileType = sourcecode.c.objc; path = BEEffectSwitchTabView.m; sourceTree = "<group>"; };
		84AE0EC024865EE5007EFC9A /* BETextSliderView.h */ = {isa = PBXFileReference; fileEncoding = 4; lastKnownFileType = sourcecode.c.h; path = BETextSliderView.h; sourceTree = "<group>"; };
		84AE0EC124865EE5007EFC9A /* BECategoryView.m */ = {isa = PBXFileReference; fileEncoding = 4; lastKnownFileType = sourcecode.c.objc; path = BECategoryView.m; sourceTree = "<group>"; };
		84AE0EC224865EE5007EFC9A /* BEButtonView.m */ = {isa = PBXFileReference; fileEncoding = 4; lastKnownFileType = sourcecode.c.objc; path = BEButtonView.m; sourceTree = "<group>"; };
		84AE0EC324865EE5007EFC9A /* BEButtonViewCell.m */ = {isa = PBXFileReference; fileEncoding = 4; lastKnownFileType = sourcecode.c.objc; path = BEButtonViewCell.m; sourceTree = "<group>"; };
		84AE0EC424865EE5007EFC9A /* BEEffectSwitchTabView.h */ = {isa = PBXFileReference; fileEncoding = 4; lastKnownFileType = sourcecode.c.h; path = BEEffectSwitchTabView.h; sourceTree = "<group>"; };
		84AE0EC524865EE5007EFC9A /* BECategoryView.h */ = {isa = PBXFileReference; fileEncoding = 4; lastKnownFileType = sourcecode.c.h; path = BECategoryView.h; sourceTree = "<group>"; };
		84AE0EC624865EE5007EFC9A /* BETextSliderView.m */ = {isa = PBXFileReference; fileEncoding = 4; lastKnownFileType = sourcecode.c.objc; path = BETextSliderView.m; sourceTree = "<group>"; };
		84AE0EC724865EE5007EFC9A /* BEAppDelegate.h */ = {isa = PBXFileReference; fileEncoding = 4; lastKnownFileType = sourcecode.c.h; path = BEAppDelegate.h; sourceTree = "<group>"; };
		84AE0EC824865EE5007EFC9A /* BEMacro.h */ = {isa = PBXFileReference; fileEncoding = 4; lastKnownFileType = sourcecode.c.h; path = BEMacro.h; sourceTree = "<group>"; };
		84AE0EC924865EE5007EFC9A /* BEAppDelegate.m */ = {isa = PBXFileReference; fileEncoding = 4; lastKnownFileType = sourcecode.c.objc; path = BEAppDelegate.m; sourceTree = "<group>"; };
		84AE0ECB24865EE5007EFC9A /* NSArray+BEAdd.h */ = {isa = PBXFileReference; fileEncoding = 4; lastKnownFileType = sourcecode.c.h; path = "NSArray+BEAdd.h"; sourceTree = "<group>"; };
		84AE0ECC24865EE5007EFC9A /* UIView+BEAdd.h */ = {isa = PBXFileReference; fileEncoding = 4; lastKnownFileType = sourcecode.c.h; path = "UIView+BEAdd.h"; sourceTree = "<group>"; };
		84AE0ECD24865EE5007EFC9A /* UIViewController+BEAdd.m */ = {isa = PBXFileReference; fileEncoding = 4; lastKnownFileType = sourcecode.c.objc; path = "UIViewController+BEAdd.m"; sourceTree = "<group>"; };
		84AE0ECE24865EE5007EFC9A /* UICollectionViewCell+BEAdd.h */ = {isa = PBXFileReference; fileEncoding = 4; lastKnownFileType = sourcecode.c.h; path = "UICollectionViewCell+BEAdd.h"; sourceTree = "<group>"; };
		84AE0ECF24865EE5007EFC9A /* UIResponder+BEAdd.m */ = {isa = PBXFileReference; fileEncoding = 4; lastKnownFileType = sourcecode.c.objc; path = "UIResponder+BEAdd.m"; sourceTree = "<group>"; };
		84AE0ED024865EE5007EFC9A /* NSString+BEAdd.m */ = {isa = PBXFileReference; fileEncoding = 4; lastKnownFileType = sourcecode.c.objc; path = "NSString+BEAdd.m"; sourceTree = "<group>"; };
		84AE0ED124865EE5007EFC9A /* UITableViewCell+BEAdd.m */ = {isa = PBXFileReference; fileEncoding = 4; lastKnownFileType = sourcecode.c.objc; path = "UITableViewCell+BEAdd.m"; sourceTree = "<group>"; };
		84AE0ED224865EE5007EFC9A /* NSArray+BEAdd.m */ = {isa = PBXFileReference; fileEncoding = 4; lastKnownFileType = sourcecode.c.objc; path = "NSArray+BEAdd.m"; sourceTree = "<group>"; };
		84AE0ED324865EE5007EFC9A /* UIView+BEAdd.m */ = {isa = PBXFileReference; fileEncoding = 4; lastKnownFileType = sourcecode.c.objc; path = "UIView+BEAdd.m"; sourceTree = "<group>"; };
		84AE0ED424865EE5007EFC9A /* UITableViewCell+BEAdd.h */ = {isa = PBXFileReference; fileEncoding = 4; lastKnownFileType = sourcecode.c.h; path = "UITableViewCell+BEAdd.h"; sourceTree = "<group>"; };
		84AE0ED524865EE5007EFC9A /* NSString+BEAdd.h */ = {isa = PBXFileReference; fileEncoding = 4; lastKnownFileType = sourcecode.c.h; path = "NSString+BEAdd.h"; sourceTree = "<group>"; };
		84AE0ED624865EE5007EFC9A /* UIResponder+BEAdd.h */ = {isa = PBXFileReference; fileEncoding = 4; lastKnownFileType = sourcecode.c.h; path = "UIResponder+BEAdd.h"; sourceTree = "<group>"; };
		84AE0ED724865EE5007EFC9A /* UICollectionViewCell+BEAdd.m */ = {isa = PBXFileReference; fileEncoding = 4; lastKnownFileType = sourcecode.c.objc; path = "UICollectionViewCell+BEAdd.m"; sourceTree = "<group>"; };
		84AE0ED824865EE5007EFC9A /* UIViewController+BEAdd.h */ = {isa = PBXFileReference; fileEncoding = 4; lastKnownFileType = sourcecode.c.h; path = "UIViewController+BEAdd.h"; sourceTree = "<group>"; };
		84E60C162480C43300AA04AF /* RenderMsgDelegate.h */ = {isa = PBXFileReference; fileEncoding = 4; lastKnownFileType = sourcecode.c.h; path = RenderMsgDelegate.h; sourceTree = "<group>"; };
		A7C50EF4212168BD00774322 /* Accelerate.framework */ = {isa = PBXFileReference; lastKnownFileType = wrapper.framework; name = Accelerate.framework; path = System/Library/Frameworks/Accelerate.framework; sourceTree = SDKROOT; };
		C0AF3888C558D58CD555B0B3 /* Pods-OpenLive.debug.xcconfig */ = {isa = PBXFileReference; includeInIndex = 1; lastKnownFileType = text.xcconfig; name = "Pods-OpenLive.debug.xcconfig"; path = "Target Support Files/Pods-OpenLive/Pods-OpenLive.debug.xcconfig"; sourceTree = "<group>"; };
/* End PBXFileReference section */

/* Begin PBXFrameworksBuildPhase section */
		07D24CF01D866704002C69BF /* Frameworks */ = {
			isa = PBXFrameworksBuildPhase;
			buildActionMask = 2147483647;
			files = (
				0BADBB2923556F2100A81922 /* UIKit.framework in Frameworks */,
				382885B52249DC390023BCFA /* CoreML.framework in Frameworks */,
				0B69408623B0F89700E7EF16 /* libeffect-sdk.a in Frameworks */,
				A7C50EF5212168BD00774322 /* Accelerate.framework in Frameworks */,
				704E32D31FEB50A10027B6DB /* SystemConfiguration.framework in Frameworks */,
				07D29C3C1E9E192A00C3583C /* libresolv.tbd in Frameworks */,
				14A5E95B248E1CDD006631F1 /* AGMCapturer.framework in Frameworks */,
				07D24D211D866809002C69BF /* CoreTelephony.framework in Frameworks */,
				07D24D1F1D866802002C69BF /* CoreMedia.framework in Frameworks */,
				07D24D1D1D8667FB002C69BF /* CoreMotion.framework in Frameworks */,
				07D24D1B1D8667F5002C69BF /* AudioToolbox.framework in Frameworks */,
				07D24D191D8667EC002C69BF /* libc++.tbd in Frameworks */,
				07D24D171D8667E7002C69BF /* VideoToolbox.framework in Frameworks */,
				14A5E95D248E1CDD006631F1 /* AGMBase.framework in Frameworks */,
				07D24D151D8667DC002C69BF /* AVFoundation.framework in Frameworks */,
				5D951A437AE740A6631DE1F9 /* Pods_OpenLive.framework in Frameworks */,
			);
			runOnlyForDeploymentPostprocessing = 0;
		};
/* End PBXFrameworksBuildPhase section */

/* Begin PBXGroup section */
		07D24CEA1D866704002C69BF = {
			isa = PBXGroup;
			children = (
				14A5E954248E1835006631F1 /* AgoraResources */,
				0BEA5F6523557BB9004072A4 /* Resource */,
				0BADBB2E235572F100A81922 /* include */,
				07D24CF51D866704002C69BF /* OpenLive */,
				07D24CF41D866704002C69BF /* Products */,
				07D24D131D8667DC002C69BF /* Frameworks */,
				3E35820C539F902A4C016A04 /* Pods */,
			);
			sourceTree = "<group>";
		};
		07D24CF41D866704002C69BF /* Products */ = {
			isa = PBXGroup;
			children = (
				07D24CF31D866704002C69BF /* OpenLive.app */,
			);
			name = Products;
			sourceTree = "<group>";
		};
		07D24CF51D866704002C69BF /* OpenLive */ = {
			isa = PBXGroup;
			children = (
				84AE0E7324865EE5007EFC9A /* Classes */,
				07D24CFF1D866704002C69BF /* Main.storyboard */,
				07D24D261D867644002C69BF /* MainViewController.h */,
				07D24D271D867644002C69BF /* MainViewController.m */,
				07D24D2A1D867644002C69BF /* SettingsViewController.h */,
				07D24D2B1D867644002C69BF /* SettingsViewController.m */,
				07D24D241D867644002C69BF /* LiveRoomViewController.h */,
				07D24D251D867644002C69BF /* LiveRoomViewController.m */,
				38D618B6224A5FAE004A6C87 /* BeautyEffectTableViewController.h */,
				38D618B7224A5FAE004A6C87 /* BeautyEffectTableViewController.m */,
				07D24D221D867644002C69BF /* KeyCenter.h */,
				07D24D231D867644002C69BF /* KeyCenter.m */,
				07D24D2E1D867644002C69BF /* VideoSession.h */,
				07D24D2F1D867644002C69BF /* VideoSession.m */,
				07D24D2C1D867644002C69BF /* VideoViewLayouter.h */,
				07D24D2D1D867644002C69BF /* VideoViewLayouter.m */,
				07D24D281D867644002C69BF /* ProfileCell.h */,
				07D24D291D867644002C69BF /* ProfileCell.m */,
				07D24CF61D866704002C69BF /* Supporting Files */,
			);
			path = OpenLive;
			sourceTree = "<group>";
		};
		07D24CF61D866704002C69BF /* Supporting Files */ = {
			isa = PBXGroup;
			children = (
				0B30173623599D5F00B967C4 /* en.lproj */,
				0B30173B23599D5F00B967C4 /* zh-Hans.lproj */,
				07D24CF91D866704002C69BF /* AppDelegate.h */,
				07D24CFA1D866704002C69BF /* AppDelegate.m */,
				07D24D021D866704002C69BF /* Assets.xcassets */,
				07D24D041D866704002C69BF /* LaunchScreen.storyboard */,
				07D24D071D866704002C69BF /* Info.plist */,
				07D24CF71D866704002C69BF /* main.m */,
			);
			name = "Supporting Files";
			sourceTree = "<group>";
		};
		07D24D131D8667DC002C69BF /* Frameworks */ = {
			isa = PBXGroup;
			children = (
				14A5E95A248E1CDD006631F1 /* AGMBase.framework */,
				14A5E959248E1CDD006631F1 /* AGMCapturer.framework */,
				0B69408523B0F89700E7EF16 /* libeffect-sdk.a */,
				0BADBB2823556F2100A81922 /* UIKit.framework */,
				382885B42249DC390023BCFA /* CoreML.framework */,
				A7C50EF4212168BD00774322 /* Accelerate.framework */,
				704E32D21FEB50A10027B6DB /* SystemConfiguration.framework */,
				07D29C3B1E9E192A00C3583C /* libresolv.tbd */,
				07D24D201D866809002C69BF /* CoreTelephony.framework */,
				07D24D1E1D866802002C69BF /* CoreMedia.framework */,
				07D24D1C1D8667FB002C69BF /* CoreMotion.framework */,
				07D24D1A1D8667F5002C69BF /* AudioToolbox.framework */,
				07D24D181D8667EC002C69BF /* libc++.tbd */,
				07D24D161D8667E7002C69BF /* VideoToolbox.framework */,
				07D24D141D8667DC002C69BF /* AVFoundation.framework */,
				84757568F5EF760A7D4FD922 /* Pods_OpenLive.framework */,
			);
			name = Frameworks;
			sourceTree = "<group>";
		};
		0B30173623599D5F00B967C4 /* en.lproj */ = {
			isa = PBXGroup;
			children = (
				0B30173723599D5F00B967C4 /* Localizable.strings */,
				0B30173923599D5F00B967C4 /* InfoPlist.strings */,
			);
			path = en.lproj;
			sourceTree = "<group>";
		};
		0B30173B23599D5F00B967C4 /* zh-Hans.lproj */ = {
			isa = PBXGroup;
			children = (
				0B30173C23599D5F00B967C4 /* LaunchScreen.strings */,
				0B30173E23599D5F00B967C4 /* Localizable.strings */,
				0B30174023599D5F00B967C4 /* InfoPlist.strings */,
			);
			path = "zh-Hans.lproj";
			sourceTree = "<group>";
		};
		0BADBB2E235572F100A81922 /* include */ = {
			isa = PBXGroup;
			children = (
				84E60C162480C43300AA04AF /* RenderMsgDelegate.h */,
				0B69411E23B1AE8E00E7EF16 /* bef_effect_ai_version.h */,
				0BADBB2F235572F100A81922 /* bef_effect_ai_public_define.h */,
				0BADBB30235572F100A81922 /* bef_effect_ai_yuv_process.h */,
				0BADBB31235572F100A81922 /* byted_effect.h */,
				0BADBB32235572F100A81922 /* bef_effect_ai_api.h */,
			);
			path = include;
			sourceTree = "<group>";
		};
		0BEA5F6523557BB9004072A4 /* Resource */ = {
			isa = PBXGroup;
			children = (
				84AE0DD024863DDF007EFC9A /* ComposeMakeup.bundle */,
				84AE0DD124863DDF007EFC9A /* LicenseBag.bundle */,
				84AE0DCF24863DDF007EFC9A /* ModelResource.bundle */,
			);
			name = Resource;
			path = OpenLive/Resource;
			sourceTree = "<group>";
		};
		14A5E954248E1835006631F1 /* AgoraResources */ = {
			isa = PBXGroup;
			children = (
				14A5E955248E1835006631F1 /* srmetal.metallib */,
				14A5E956248E1835006631F1 /* model.bundle */,
			);
			name = AgoraResources;
			path = Pods/AgoraRtcEngine_iOS/AgoraRtcKit.framework/AgoraResources;
			sourceTree = "<group>";
		};
		3E35820C539F902A4C016A04 /* Pods */ = {
			isa = PBXGroup;
			children = (
				C0AF3888C558D58CD555B0B3 /* Pods-OpenLive.debug.xcconfig */,
				738F51FFB2BEC2A2F130E2F0 /* Pods-OpenLive.release.xcconfig */,
			);
			path = Pods;
			sourceTree = "<group>";
		};
		84AE0E7324865EE5007EFC9A /* Classes */ = {
			isa = PBXGroup;
			children = (
				84AE0E7424865EE5007EFC9A /* Record */,
				84AE0EC724865EE5007EFC9A /* BEAppDelegate.h */,
				84AE0EC824865EE5007EFC9A /* BEMacro.h */,
				84AE0EC924865EE5007EFC9A /* BEAppDelegate.m */,
				84AE0ECA24865EE5007EFC9A /* Categories */,
			);
			path = Classes;
			sourceTree = "<group>";
		};
		84AE0E7424865EE5007EFC9A /* Record */ = {
			isa = PBXGroup;
			children = (
				84AE0E7524865EE5007EFC9A /* Utils */,
				84AE0E8724865EE5007EFC9A /* Models */,
				84AE0E8E24865EE5007EFC9A /* Manager */,
				84AE0E9124865EE5007EFC9A /* ViewControllers */,
				84AE0E9924865EE5007EFC9A /* sdk */,
				84AE0EA424865EE5007EFC9A /* Views */,
			);
			path = Record;
			sourceTree = "<group>";
		};
		84AE0E7524865EE5007EFC9A /* Utils */ = {
			isa = PBXGroup;
			children = (
				84AE0E7624865EE5007EFC9A /* BEVideoCapture.m */,
				84AE0E7724865EE5007EFC9A /* BEBeautyPickerCommonDefines.m */,
				84AE0E7824865EE5007EFC9A /* BEDeviceInfoHelper.m */,
				84AE0E7924865EE5007EFC9A /* BEModernEffectPickerControlFactory.m */,
				84AE0E7A24865EE5007EFC9A /* BEAnimationUtils.m */,
				84AE0E7B24865EE5007EFC9A /* BEGlobalData.m */,
				84AE0E7C24865EE5007EFC9A /* BEArrayDataSource.m */,
				84AE0E7D24865EE5007EFC9A /* BEStudioConstants.m */,
				84AE0E7E24865EE5007EFC9A /* BEBeautyPickerCommonDefines.h */,
				84AE0E7F24865EE5007EFC9A /* BEVideoCapture.h */,
				84AE0E8024865EE5007EFC9A /* BEModernEffectPickerControlFactory.h */,
				84AE0E8124865EE5007EFC9A /* BEDeviceInfoHelper.h */,
				84AE0E8224865EE5007EFC9A /* BEArrayDataSource.h */,
				84AE0E8324865EE5007EFC9A /* BEGlobalData.h */,
				84AE0E8424865EE5007EFC9A /* BEAnimationUtils.h */,
				84AE0E8524865EE5007EFC9A /* BECloseableProtocol.h */,
				84AE0E8624865EE5007EFC9A /* BEStudioConstants.h */,
			);
			path = Utils;
			sourceTree = "<group>";
		};
		84AE0E8724865EE5007EFC9A /* Models */ = {
			isa = PBXGroup;
			children = (
				84AE0E8824865EE5007EFC9A /* BEEffectResponseModel.h */,
				84AE0E8924865EE5007EFC9A /* BEComposerNodeModel.h */,
				84AE0E8A24865EE5007EFC9A /* BEButtonItemModel.m */,
				84AE0E8B24865EE5007EFC9A /* BEComposerNodeModel.m */,
				84AE0E8C24865EE5007EFC9A /* BEEffectResponseModel.m */,
				84AE0E8D24865EE5007EFC9A /* BEButtonItemModel.h */,
			);
			path = Models;
			sourceTree = "<group>";
		};
		84AE0E8E24865EE5007EFC9A /* Manager */ = {
			isa = PBXGroup;
			children = (
				84AE0E8F24865EE5007EFC9A /* BEEffectDataManager.m */,
				84AE0E9024865EE5007EFC9A /* BEEffectDataManager.h */,
			);
			path = Manager;
			sourceTree = "<group>";
		};
		84AE0E9124865EE5007EFC9A /* ViewControllers */ = {
			isa = PBXGroup;
			children = (
				84AE0E9224865EE5007EFC9A /* BEVideoRecorderViewController.h */,
				84AE0E9324865EE5007EFC9A /* effect */,
				84AE0E9824865EE5007EFC9A /* BEVideoRecorderViewController.m */,
			);
			path = ViewControllers;
			sourceTree = "<group>";
		};
		84AE0E9324865EE5007EFC9A /* effect */ = {
			isa = PBXGroup;
			children = (
				84AE0E9424865EE5007EFC9A /* BEModernFilterPickerViewController.h */,
				84AE0E9524865EE5007EFC9A /* BEFaceBeautyViewController.h */,
				84AE0E9624865EE5007EFC9A /* BEModernFilterPickerViewController.m */,
				84AE0E9724865EE5007EFC9A /* BEFaceBeautyViewController.m */,
			);
			path = effect;
			sourceTree = "<group>";
		};
		84AE0E9924865EE5007EFC9A /* sdk */ = {
			isa = PBXGroup;
			children = (
				84AE0E9A24865EE5007EFC9A /* BERenderHelper.h */,
				84AE0E9B24865EE5007EFC9A /* BEEffectManager.mm */,
				84AE0E9C24865EE5007EFC9A /* BEFrameProcessor.mm */,
				84AE0E9D24865EE5007EFC9A /* BEFrameProcessor.h */,
				84AE0E9E24865EE5007EFC9A /* BEResourceHelper.m */,
				84AE0E9F24865EE5007EFC9A /* BERenderHelper.m */,
				84AE0EA024865EE5007EFC9A /* BEEffectManager.h */,
				84AE0EA124865EE5007EFC9A /* BERender.h */,
				84AE0EA224865EE5007EFC9A /* BEResourceHelper.h */,
				84AE0EA324865EE5007EFC9A /* BERender.mm */,
			);
			path = sdk;
			sourceTree = "<group>";
		};
		84AE0EA424865EE5007EFC9A /* Views */ = {
			isa = PBXGroup;
			children = (
				84AE0EA524865EE5007EFC9A /* BECameraContainerView.h */,
				84AE0EA624865EE5007EFC9A /* effect */,
				84AE0EAD24865EE5007EFC9A /* BEGLView.m */,
				84AE0EAE24865EE5007EFC9A /* sticker */,
				84AE0EB124865EE5007EFC9A /* cell */,
				84AE0EBA24865EE5007EFC9A /* BECameraContainerView.m */,
				84AE0EBB24865EE5007EFC9A /* BEGLView.h */,
				84AE0EBC24865EE5007EFC9A /* widgets */,
			);
			path = Views;
			sourceTree = "<group>";
		};
		84AE0EA624865EE5007EFC9A /* effect */ = {
			isa = PBXGroup;
			children = (
				84AE0EA724865EE5007EFC9A /* BEModernEffectPickerView.m */,
				84AE0EA824865EE5007EFC9A /* BEModernFilterPickerView.h */,
				84AE0EA924865EE5007EFC9A /* BEFaceBeautyView.h */,
				84AE0EAA24865EE5007EFC9A /* BEModernEffectPickerView.h */,
				84AE0EAB24865EE5007EFC9A /* BEModernFilterPickerView.m */,
				84AE0EAC24865EE5007EFC9A /* BEFaceBeautyView.m */,
			);
			path = effect;
			sourceTree = "<group>";
		};
		84AE0EAE24865EE5007EFC9A /* sticker */ = {
			isa = PBXGroup;
			children = (
				84AE0EAF24865EE5007EFC9A /* BEModernStickerPickerView.h */,
				84AE0EB024865EE5007EFC9A /* BEModernStickerPickerView.m */,
			);
			path = sticker;
			sourceTree = "<group>";
		};
		84AE0EB124865EE5007EFC9A /* cell */ = {
			isa = PBXGroup;
			children = (
				84AE0EB224865EE5007EFC9A /* BEModernStickerCollectionViewCell.m */,
				84AE0EB324865EE5007EFC9A /* BEModernFilterCollectionViewCell.h */,
				84AE0EB424865EE5007EFC9A /* BEEffectTitleCollectionViewCell.m */,
				84AE0EB524865EE5007EFC9A /* BEEffectContentCollectionViewCell.m */,
				84AE0EB624865EE5007EFC9A /* BEEffectTitleCollectionViewCell.h */,
				84AE0EB724865EE5007EFC9A /* BEModernFilterCollectionViewCell.m */,
				84AE0EB824865EE5007EFC9A /* BEModernStickerCollectionViewCell.h */,
				84AE0EB924865EE5007EFC9A /* BEEffectContentCollectionViewCell.h */,
			);
			path = cell;
			sourceTree = "<group>";
		};
		84AE0EBC24865EE5007EFC9A /* widgets */ = {
			isa = PBXGroup;
			children = (
				84AE0EBD24865EE5007EFC9A /* BEButtonView.h */,
				84AE0EBE24865EE5007EFC9A /* BEButtonViewCell.h */,
				84AE0EBF24865EE5007EFC9A /* BEEffectSwitchTabView.m */,
				84AE0EC024865EE5007EFC9A /* BETextSliderView.h */,
				84AE0EC124865EE5007EFC9A /* BECategoryView.m */,
				84AE0EC224865EE5007EFC9A /* BEButtonView.m */,
				84AE0EC324865EE5007EFC9A /* BEButtonViewCell.m */,
				84AE0EC424865EE5007EFC9A /* BEEffectSwitchTabView.h */,
				84AE0EC524865EE5007EFC9A /* BECategoryView.h */,
				84AE0EC624865EE5007EFC9A /* BETextSliderView.m */,
			);
			path = widgets;
			sourceTree = "<group>";
		};
		84AE0ECA24865EE5007EFC9A /* Categories */ = {
			isa = PBXGroup;
			children = (
				84AE0ECB24865EE5007EFC9A /* NSArray+BEAdd.h */,
				84AE0ECC24865EE5007EFC9A /* UIView+BEAdd.h */,
				84AE0ECD24865EE5007EFC9A /* UIViewController+BEAdd.m */,
				84AE0ECE24865EE5007EFC9A /* UICollectionViewCell+BEAdd.h */,
				84AE0ECF24865EE5007EFC9A /* UIResponder+BEAdd.m */,
				84AE0ED024865EE5007EFC9A /* NSString+BEAdd.m */,
				84AE0ED124865EE5007EFC9A /* UITableViewCell+BEAdd.m */,
				84AE0ED224865EE5007EFC9A /* NSArray+BEAdd.m */,
				84AE0ED324865EE5007EFC9A /* UIView+BEAdd.m */,
				84AE0ED424865EE5007EFC9A /* UITableViewCell+BEAdd.h */,
				84AE0ED524865EE5007EFC9A /* NSString+BEAdd.h */,
				84AE0ED624865EE5007EFC9A /* UIResponder+BEAdd.h */,
				84AE0ED724865EE5007EFC9A /* UICollectionViewCell+BEAdd.m */,
				84AE0ED824865EE5007EFC9A /* UIViewController+BEAdd.h */,
			);
			path = Categories;
			sourceTree = "<group>";
		};
/* End PBXGroup section */

/* Begin PBXNativeTarget section */
		07D24CF21D866704002C69BF /* OpenLive */ = {
			isa = PBXNativeTarget;
			buildConfigurationList = 07D24D0A1D866704002C69BF /* Build configuration list for PBXNativeTarget "OpenLive" */;
			buildPhases = (
				B3C555745D61198413780B91 /* [CP] Check Pods Manifest.lock */,
				07D24CEF1D866704002C69BF /* Sources */,
				07D24CF01D866704002C69BF /* Frameworks */,
				07D24CF11D866704002C69BF /* Resources */,
				316FDD42A19F4684F2CB8F7F /* [CP] Embed Pods Frameworks */,
			);
			buildRules = (
			);
			dependencies = (
			);
			name = OpenLive;
			productName = OpenLive;
			productReference = 07D24CF31D866704002C69BF /* OpenLive.app */;
			productType = "com.apple.product-type.application";
		};
/* End PBXNativeTarget section */

/* Begin PBXProject section */
		07D24CEB1D866704002C69BF /* Project object */ = {
			isa = PBXProject;
			attributes = {
				LastUpgradeCheck = 1020;
				ORGANIZATIONNAME = Agora;
				TargetAttributes = {
					07D24CF21D866704002C69BF = {
						CreatedOnToolsVersion = 8.0;
						DevelopmentTeam = 8D55C67Z3S;
						ProvisioningStyle = Automatic;
						SystemCapabilities = {
							com.apple.BackgroundModes = {
								enabled = 1;
							};
						};
					};
				};
			};
			buildConfigurationList = 07D24CEE1D866704002C69BF /* Build configuration list for PBXProject "OpenLive" */;
			compatibilityVersion = "Xcode 3.2";
			developmentRegion = en;
			hasScannedForEncodings = 0;
			knownRegions = (
				en,
				Base,
				"zh-Hans",
			);
			mainGroup = 07D24CEA1D866704002C69BF;
			productRefGroup = 07D24CF41D866704002C69BF /* Products */;
			projectDirPath = "";
			projectRoot = "";
			targets = (
				07D24CF21D866704002C69BF /* OpenLive */,
			);
		};
/* End PBXProject section */

/* Begin PBXResourcesBuildPhase section */
		07D24CF11D866704002C69BF /* Resources */ = {
			isa = PBXResourcesBuildPhase;
			buildActionMask = 2147483647;
			files = (
				0B30174523599D5F00B967C4 /* Localizable.strings in Resources */,
				0B30174223599D5F00B967C4 /* Localizable.strings in Resources */,
				0B30174323599D5F00B967C4 /* InfoPlist.strings in Resources */,
				84AE0DD224863DE0007EFC9A /* ModelResource.bundle in Resources */,
				14A5E957248E1835006631F1 /* srmetal.metallib in Resources */,
				0B30174623599D5F00B967C4 /* InfoPlist.strings in Resources */,
				84AE0DD324863DE0007EFC9A /* ComposeMakeup.bundle in Resources */,
				0B30174423599D5F00B967C4 /* LaunchScreen.strings in Resources */,
				07D24D061D866704002C69BF /* LaunchScreen.storyboard in Resources */,
				07D24D031D866704002C69BF /* Assets.xcassets in Resources */,
				07D24D011D866704002C69BF /* Main.storyboard in Resources */,
				14A5E958248E1835006631F1 /* model.bundle in Resources */,
				84AE0DD424863DE0007EFC9A /* LicenseBag.bundle in Resources */,
			);
			runOnlyForDeploymentPostprocessing = 0;
		};
/* End PBXResourcesBuildPhase section */

/* Begin PBXShellScriptBuildPhase section */
		316FDD42A19F4684F2CB8F7F /* [CP] Embed Pods Frameworks */ = {
			isa = PBXShellScriptBuildPhase;
			buildActionMask = 2147483647;
			files = (
			);
			inputPaths = (
				"${PODS_ROOT}/Target Support Files/Pods-OpenLive/Pods-OpenLive-frameworks.sh",
				"${BUILT_PRODUCTS_DIR}/AFNetworking/AFNetworking.framework",
				"${PODS_ROOT}/AgoraRtcEngine_iOS/AgoraRtcKit.framework",
				"${BUILT_PRODUCTS_DIR}/KVOController/KVOController.framework",
				"${BUILT_PRODUCTS_DIR}/Mantle/Mantle.framework",
				"${BUILT_PRODUCTS_DIR}/Masonry/Masonry.framework",
				"${BUILT_PRODUCTS_DIR}/Toast/Toast.framework",
			);
			name = "[CP] Embed Pods Frameworks";
			outputPaths = (
				"${TARGET_BUILD_DIR}/${FRAMEWORKS_FOLDER_PATH}/AFNetworking.framework",
				"${TARGET_BUILD_DIR}/${FRAMEWORKS_FOLDER_PATH}/AgoraRtcKit.framework",
				"${TARGET_BUILD_DIR}/${FRAMEWORKS_FOLDER_PATH}/KVOController.framework",
				"${TARGET_BUILD_DIR}/${FRAMEWORKS_FOLDER_PATH}/Mantle.framework",
				"${TARGET_BUILD_DIR}/${FRAMEWORKS_FOLDER_PATH}/Masonry.framework",
				"${TARGET_BUILD_DIR}/${FRAMEWORKS_FOLDER_PATH}/Toast.framework",
			);
			runOnlyForDeploymentPostprocessing = 0;
			shellPath = /bin/sh;
			shellScript = "\"${PODS_ROOT}/Target Support Files/Pods-OpenLive/Pods-OpenLive-frameworks.sh\"\n";
			showEnvVarsInLog = 0;
		};
		B3C555745D61198413780B91 /* [CP] Check Pods Manifest.lock */ = {
			isa = PBXShellScriptBuildPhase;
			buildActionMask = 2147483647;
			files = (
			);
			inputFileListPaths = (
			);
			inputPaths = (
				"${PODS_PODFILE_DIR_PATH}/Podfile.lock",
				"${PODS_ROOT}/Manifest.lock",
			);
			name = "[CP] Check Pods Manifest.lock";
			outputFileListPaths = (
			);
			outputPaths = (
				"$(DERIVED_FILE_DIR)/Pods-OpenLive-checkManifestLockResult.txt",
			);
			runOnlyForDeploymentPostprocessing = 0;
			shellPath = /bin/sh;
			shellScript = "diff \"${PODS_PODFILE_DIR_PATH}/Podfile.lock\" \"${PODS_ROOT}/Manifest.lock\" > /dev/null\nif [ $? != 0 ] ; then\n    # print error to STDERR\n    echo \"error: The sandbox is not in sync with the Podfile.lock. Run 'pod install' or update your CocoaPods installation.\" >&2\n    exit 1\nfi\n# This output is used by Xcode 'outputs' to avoid re-running this script phase.\necho \"SUCCESS\" > \"${SCRIPT_OUTPUT_FILE_0}\"\n";
			showEnvVarsInLog = 0;
		};
/* End PBXShellScriptBuildPhase section */

/* Begin PBXSourcesBuildPhase section */
		07D24CEF1D866704002C69BF /* Sources */ = {
			isa = PBXSourcesBuildPhase;
			buildActionMask = 2147483647;
			files = (
				84AE0EEE24865EE5007EFC9A /* BEModernFilterPickerView.m in Sources */,
				38D618B8224A5FAE004A6C87 /* BeautyEffectTableViewController.m in Sources */,
				84AE0EF224865EE5007EFC9A /* BEModernStickerCollectionViewCell.m in Sources */,
				84AE0F0324865EE5007EFC9A /* UICollectionViewCell+BEAdd.m in Sources */,
				07D24CFB1D866704002C69BF /* AppDelegate.m in Sources */,
				84AE0EE124865EE5007EFC9A /* BEButtonItemModel.m in Sources */,
				84AE0EE424865EE5007EFC9A /* BEEffectDataManager.m in Sources */,
				84AE0EE024865EE5007EFC9A /* BEStudioConstants.m in Sources */,
				07D24D361D867644002C69BF /* VideoSession.m in Sources */,
				84AE0EDC24865EE5007EFC9A /* BEModernEffectPickerControlFactory.m in Sources */,
				84AE0EE224865EE5007EFC9A /* BEComposerNodeModel.m in Sources */,
				84AE0EDD24865EE5007EFC9A /* BEAnimationUtils.m in Sources */,
				07D24D331D867644002C69BF /* ProfileCell.m in Sources */,
				84AE0EE324865EE5007EFC9A /* BEEffectResponseModel.m in Sources */,
				84AE0EEF24865EE5007EFC9A /* BEFaceBeautyView.m in Sources */,
				84AE0EFD24865EE5007EFC9A /* UIViewController+BEAdd.m in Sources */,
				84AE0EF424865EE5007EFC9A /* BEEffectContentCollectionViewCell.m in Sources */,
				84AE0EFC24865EE5007EFC9A /* BEAppDelegate.m in Sources */,
				84AE0F0224865EE5007EFC9A /* UIView+BEAdd.m in Sources */,
				84AE0EE524865EE5007EFC9A /* BEModernFilterPickerViewController.m in Sources */,
				84AE0EF624865EE5007EFC9A /* BECameraContainerView.m in Sources */,
				84AE0EFB24865EE5007EFC9A /* BETextSliderView.m in Sources */,
				84AE0EF524865EE5007EFC9A /* BEModernFilterCollectionViewCell.m in Sources */,
				84AE0EF924865EE5007EFC9A /* BEButtonView.m in Sources */,
				84AE0F0124865EE5007EFC9A /* NSArray+BEAdd.m in Sources */,
				84AE0EEA24865EE5007EFC9A /* BEResourceHelper.m in Sources */,
				84AE0EF324865EE5007EFC9A /* BEEffectTitleCollectionViewCell.m in Sources */,
				84AE0EDF24865EE5007EFC9A /* BEArrayDataSource.m in Sources */,
				84AE0EFE24865EE5007EFC9A /* UIResponder+BEAdd.m in Sources */,
				84AE0EEC24865EE5007EFC9A /* BERender.mm in Sources */,
				84AE0EFA24865EE5007EFC9A /* BEButtonViewCell.m in Sources */,
				84AE0EE724865EE5007EFC9A /* BEVideoRecorderViewController.m in Sources */,
				07D24CF81D866704002C69BF /* main.m in Sources */,
				84AE0EE924865EE5007EFC9A /* BEFrameProcessor.mm in Sources */,
				84AE0ED924865EE5007EFC9A /* BEVideoCapture.m in Sources */,
				84AE0EDA24865EE5007EFC9A /* BEBeautyPickerCommonDefines.m in Sources */,
				07D24D301D867644002C69BF /* KeyCenter.m in Sources */,
				07D24D321D867644002C69BF /* MainViewController.m in Sources */,
				84AE0EE824865EE5007EFC9A /* BEEffectManager.mm in Sources */,
				84AE0F0024865EE5007EFC9A /* UITableViewCell+BEAdd.m in Sources */,
				84AE0EDE24865EE5007EFC9A /* BEGlobalData.m in Sources */,
				84AE0EF024865EE5007EFC9A /* BEGLView.m in Sources */,
				84AE0EED24865EE5007EFC9A /* BEModernEffectPickerView.m in Sources */,
				84AE0EF824865EE5007EFC9A /* BECategoryView.m in Sources */,
				84AE0EDB24865EE5007EFC9A /* BEDeviceInfoHelper.m in Sources */,
				07D24D311D867644002C69BF /* LiveRoomViewController.m in Sources */,
				84AE0EF124865EE5007EFC9A /* BEModernStickerPickerView.m in Sources */,
				07D24D351D867644002C69BF /* VideoViewLayouter.m in Sources */,
				84AE0EE624865EE5007EFC9A /* BEFaceBeautyViewController.m in Sources */,
				84AE0EFF24865EE5007EFC9A /* NSString+BEAdd.m in Sources */,
				84AE0EF724865EE5007EFC9A /* BEEffectSwitchTabView.m in Sources */,
				07D24D341D867644002C69BF /* SettingsViewController.m in Sources */,
				84AE0EEB24865EE5007EFC9A /* BERenderHelper.m in Sources */,
			);
			runOnlyForDeploymentPostprocessing = 0;
		};
/* End PBXSourcesBuildPhase section */

/* Begin PBXVariantGroup section */
		07D24CFF1D866704002C69BF /* Main.storyboard */ = {
			isa = PBXVariantGroup;
			children = (
				07D24D001D866704002C69BF /* Base */,
			);
			name = Main.storyboard;
			sourceTree = "<group>";
		};
		07D24D041D866704002C69BF /* LaunchScreen.storyboard */ = {
			isa = PBXVariantGroup;
			children = (
				07D24D051D866704002C69BF /* Base */,
			);
			name = LaunchScreen.storyboard;
			sourceTree = "<group>";
		};
		0B30173723599D5F00B967C4 /* Localizable.strings */ = {
			isa = PBXVariantGroup;
			children = (
				0B30173823599D5F00B967C4 /* en */,
			);
			name = Localizable.strings;
			sourceTree = "<group>";
		};
		0B30173923599D5F00B967C4 /* InfoPlist.strings */ = {
			isa = PBXVariantGroup;
			children = (
				0B30173A23599D5F00B967C4 /* en */,
			);
			name = InfoPlist.strings;
			sourceTree = "<group>";
		};
		0B30173C23599D5F00B967C4 /* LaunchScreen.strings */ = {
			isa = PBXVariantGroup;
			children = (
				0B30173D23599D5F00B967C4 /* zh-Hans */,
			);
			name = LaunchScreen.strings;
			sourceTree = "<group>";
		};
		0B30173E23599D5F00B967C4 /* Localizable.strings */ = {
			isa = PBXVariantGroup;
			children = (
				0B30173F23599D5F00B967C4 /* zh-Hans */,
			);
			name = Localizable.strings;
			sourceTree = "<group>";
		};
		0B30174023599D5F00B967C4 /* InfoPlist.strings */ = {
			isa = PBXVariantGroup;
			children = (
				0B30174123599D5F00B967C4 /* zh-Hans */,
			);
			name = InfoPlist.strings;
			sourceTree = "<group>";
		};
/* End PBXVariantGroup section */

/* Begin XCBuildConfiguration section */
		07D24D081D866704002C69BF /* Debug */ = {
			isa = XCBuildConfiguration;
			buildSettings = {
				ALWAYS_SEARCH_USER_PATHS = NO;
				CLANG_ANALYZER_LOCALIZABILITY_NONLOCALIZED = YES;
				CLANG_ANALYZER_NONNULL = YES;
				CLANG_CXX_LANGUAGE_STANDARD = "gnu++0x";
				CLANG_CXX_LIBRARY = "libc++";
				CLANG_ENABLE_MODULES = YES;
				CLANG_ENABLE_OBJC_ARC = YES;
				CLANG_WARN_BLOCK_CAPTURE_AUTORELEASING = YES;
				CLANG_WARN_BOOL_CONVERSION = YES;
				CLANG_WARN_COMMA = YES;
				CLANG_WARN_CONSTANT_CONVERSION = YES;
				CLANG_WARN_DEPRECATED_OBJC_IMPLEMENTATIONS = YES;
				CLANG_WARN_DIRECT_OBJC_ISA_USAGE = YES_ERROR;
				CLANG_WARN_DOCUMENTATION_COMMENTS = YES;
				CLANG_WARN_EMPTY_BODY = YES;
				CLANG_WARN_ENUM_CONVERSION = YES;
				CLANG_WARN_INFINITE_RECURSION = YES;
				CLANG_WARN_INT_CONVERSION = YES;
				CLANG_WARN_NON_LITERAL_NULL_CONVERSION = YES;
				CLANG_WARN_OBJC_IMPLICIT_RETAIN_SELF = YES;
				CLANG_WARN_OBJC_LITERAL_CONVERSION = YES;
				CLANG_WARN_OBJC_ROOT_CLASS = YES_ERROR;
				CLANG_WARN_RANGE_LOOP_ANALYSIS = YES;
				CLANG_WARN_STRICT_PROTOTYPES = YES;
				CLANG_WARN_SUSPICIOUS_MOVE = YES;
				CLANG_WARN_SUSPICIOUS_MOVES = YES;
				CLANG_WARN_UNREACHABLE_CODE = YES;
				CLANG_WARN__DUPLICATE_METHOD_MATCH = YES;
				"CODE_SIGN_IDENTITY[sdk=iphoneos*]" = "iPhone Developer";
				COPY_PHASE_STRIP = NO;
				DEBUG_INFORMATION_FORMAT = dwarf;
				ENABLE_STRICT_OBJC_MSGSEND = YES;
				ENABLE_TESTABILITY = YES;
				GCC_C_LANGUAGE_STANDARD = gnu99;
				GCC_DYNAMIC_NO_PIC = NO;
				GCC_NO_COMMON_BLOCKS = YES;
				GCC_OPTIMIZATION_LEVEL = 0;
				GCC_PREPROCESSOR_DEFINITIONS = (
					"DEBUG=1",
					"$(inherited)",
				);
				GCC_WARN_64_TO_32_BIT_CONVERSION = YES;
				GCC_WARN_ABOUT_RETURN_TYPE = YES_ERROR;
				GCC_WARN_UNDECLARED_SELECTOR = YES;
				GCC_WARN_UNINITIALIZED_AUTOS = YES_AGGRESSIVE;
				GCC_WARN_UNUSED_FUNCTION = YES;
				GCC_WARN_UNUSED_VARIABLE = YES;
				IPHONEOS_DEPLOYMENT_TARGET = 10.0;
				MTL_ENABLE_DEBUG_INFO = YES;
				ONLY_ACTIVE_ARCH = YES;
				SDKROOT = iphoneos;
				TARGETED_DEVICE_FAMILY = "1,2";
			};
			name = Debug;
		};
		07D24D091D866704002C69BF /* Release */ = {
			isa = XCBuildConfiguration;
			buildSettings = {
				ALWAYS_SEARCH_USER_PATHS = NO;
				CLANG_ANALYZER_LOCALIZABILITY_NONLOCALIZED = YES;
				CLANG_ANALYZER_NONNULL = YES;
				CLANG_CXX_LANGUAGE_STANDARD = "gnu++0x";
				CLANG_CXX_LIBRARY = "libc++";
				CLANG_ENABLE_MODULES = YES;
				CLANG_ENABLE_OBJC_ARC = YES;
				CLANG_WARN_BLOCK_CAPTURE_AUTORELEASING = YES;
				CLANG_WARN_BOOL_CONVERSION = YES;
				CLANG_WARN_COMMA = YES;
				CLANG_WARN_CONSTANT_CONVERSION = YES;
				CLANG_WARN_DEPRECATED_OBJC_IMPLEMENTATIONS = YES;
				CLANG_WARN_DIRECT_OBJC_ISA_USAGE = YES_ERROR;
				CLANG_WARN_DOCUMENTATION_COMMENTS = YES;
				CLANG_WARN_EMPTY_BODY = YES;
				CLANG_WARN_ENUM_CONVERSION = YES;
				CLANG_WARN_INFINITE_RECURSION = YES;
				CLANG_WARN_INT_CONVERSION = YES;
				CLANG_WARN_NON_LITERAL_NULL_CONVERSION = YES;
				CLANG_WARN_OBJC_IMPLICIT_RETAIN_SELF = YES;
				CLANG_WARN_OBJC_LITERAL_CONVERSION = YES;
				CLANG_WARN_OBJC_ROOT_CLASS = YES_ERROR;
				CLANG_WARN_RANGE_LOOP_ANALYSIS = YES;
				CLANG_WARN_STRICT_PROTOTYPES = YES;
				CLANG_WARN_SUSPICIOUS_MOVE = YES;
				CLANG_WARN_SUSPICIOUS_MOVES = YES;
				CLANG_WARN_UNREACHABLE_CODE = YES;
				CLANG_WARN__DUPLICATE_METHOD_MATCH = YES;
				"CODE_SIGN_IDENTITY[sdk=iphoneos*]" = "iPhone Developer";
				COPY_PHASE_STRIP = NO;
				DEBUG_INFORMATION_FORMAT = "dwarf-with-dsym";
				ENABLE_NS_ASSERTIONS = NO;
				ENABLE_STRICT_OBJC_MSGSEND = YES;
				GCC_C_LANGUAGE_STANDARD = gnu99;
				GCC_NO_COMMON_BLOCKS = YES;
				GCC_WARN_64_TO_32_BIT_CONVERSION = YES;
				GCC_WARN_ABOUT_RETURN_TYPE = YES_ERROR;
				GCC_WARN_UNDECLARED_SELECTOR = YES;
				GCC_WARN_UNINITIALIZED_AUTOS = YES_AGGRESSIVE;
				GCC_WARN_UNUSED_FUNCTION = YES;
				GCC_WARN_UNUSED_VARIABLE = YES;
				IPHONEOS_DEPLOYMENT_TARGET = 10.0;
				MTL_ENABLE_DEBUG_INFO = NO;
				SDKROOT = iphoneos;
				TARGETED_DEVICE_FAMILY = "1,2";
				VALIDATE_PRODUCT = YES;
			};
			name = Release;
		};
		07D24D0B1D866704002C69BF /* Debug */ = {
			isa = XCBuildConfiguration;
			baseConfigurationReference = C0AF3888C558D58CD555B0B3 /* Pods-OpenLive.debug.xcconfig */;
			buildSettings = {
				ASSETCATALOG_COMPILER_APPICON_NAME = AppIcon;
				"CODE_SIGN_IDENTITY[sdk=iphoneos*]" = "iPhone Developer";
				DEVELOPMENT_TEAM = 8D55C67Z3S;
				ENABLE_BITCODE = NO;
				FRAMEWORK_SEARCH_PATHS = (
					"$(inherited)",
					"$(PROJECT_DIR)/OpenLive",
					"$(PROJECT_DIR)",
				);
				INFOPLIST_FILE = OpenLive/Info.plist;
				IPHONEOS_DEPLOYMENT_TARGET = 9.0;
				LD_RUNPATH_SEARCH_PATHS = "$(inherited) @executable_path/Frameworks";
				LIBRARY_SEARCH_PATHS = (
					"$(inherited)",
					"$(PROJECT_DIR)/OpenLive",
					"$(PROJECT_DIR)",
				);
				OTHER_LDFLAGS = (
					"-lz",
					"-lstdc++",
					"$(inherited)",
				);
				PRODUCT_BUNDLE_IDENTIFIER = io.agora.ad.bytedeffects;
				PRODUCT_NAME = "$(TARGET_NAME)";
				TARGETED_DEVICE_FAMILY = "1,2";
			};
			name = Debug;
		};
		07D24D0C1D866704002C69BF /* Release */ = {
			isa = XCBuildConfiguration;
			baseConfigurationReference = 738F51FFB2BEC2A2F130E2F0 /* Pods-OpenLive.release.xcconfig */;
			buildSettings = {
				ASSETCATALOG_COMPILER_APPICON_NAME = AppIcon;
				"CODE_SIGN_IDENTITY[sdk=iphoneos*]" = "iPhone Developer";
				DEVELOPMENT_TEAM = 8D55C67Z3S;
				ENABLE_BITCODE = NO;
				FRAMEWORK_SEARCH_PATHS = (
					"$(inherited)",
					"$(PROJECT_DIR)/OpenLive",
					"$(PROJECT_DIR)",
				);
				INFOPLIST_FILE = OpenLive/Info.plist;
				IPHONEOS_DEPLOYMENT_TARGET = 9.0;
				LD_RUNPATH_SEARCH_PATHS = "$(inherited) @executable_path/Frameworks";
				LIBRARY_SEARCH_PATHS = (
					"$(inherited)",
					"$(PROJECT_DIR)/OpenLive",
					"$(PROJECT_DIR)",
				);
				OTHER_LDFLAGS = (
					"-lz",
					"-lstdc++",
					"$(inherited)",
				);
				PRODUCT_BUNDLE_IDENTIFIER = io.agora.ad.bytedeffects;
				PRODUCT_NAME = "$(TARGET_NAME)";
				TARGETED_DEVICE_FAMILY = "1,2";
			};
			name = Release;
		};
/* End XCBuildConfiguration section */

/* Begin XCConfigurationList section */
		07D24CEE1D866704002C69BF /* Build configuration list for PBXProject "OpenLive" */ = {
			isa = XCConfigurationList;
			buildConfigurations = (
				07D24D081D866704002C69BF /* Debug */,
				07D24D091D866704002C69BF /* Release */,
			);
			defaultConfigurationIsVisible = 0;
			defaultConfigurationName = Release;
		};
		07D24D0A1D866704002C69BF /* Build configuration list for PBXNativeTarget "OpenLive" */ = {
			isa = XCConfigurationList;
			buildConfigurations = (
				07D24D0B1D866704002C69BF /* Debug */,
				07D24D0C1D866704002C69BF /* Release */,
			);
			defaultConfigurationIsVisible = 0;
			defaultConfigurationName = Release;
		};
/* End XCConfigurationList section */
	};
	rootObject = 07D24CEB1D866704002C69BF /* Project object */;
}
