PODS:
  - AGMCapturer_iOS (1.3.3)
  - AgoraRtcEngine_iOS (3.1.2)
  - BytedEffectSDK (3.9.2.1)

DEPENDENCIES:
  - AGMCapturer_iOS (~> 1.3.3)
  - AgoraRtcEngine_iOS (~> 3.1.2)
  - BytedEffectSDK (from `./`)

SPEC REPOS:
  trunk:
    - AGMCapturer_iOS
    - AgoraRtcEngine_iOS

EXTERNAL SOURCES:
  BytedEffectSDK:
    :path: "./"

SPEC CHECKSUMS:
  AGMCapturer_iOS: 00825b5e373cf3fbf5c07f5d1a9d1bd20117d34e
  AgoraRtcEngine_iOS: 0628532d3475471d1c352ba548cee98492850cc0
  BytedEffectSDK: c651488318e271fb31c89b12827398a6e375c28e

PODFILE CHECKSUM: f2ce36c33beee52094bf771897eb45277a4c12aa

COCOAPODS: 1.8.4
