PODS:
  - AgoraRtcEngine_iOS (4.0.0-rc.1):
    - AgoraRtcEngine_iOS/AINS (= 4.0.0-rc.1)
    - AgoraRtcEngine_iOS/AudioBeauty (= 4.0.0-rc.1)
    - AgoraRtcEngine_iOS/ClearVision (= 4.0.0-rc.1)
    - AgoraRtcEngine_iOS/ContentInspect (= 4.0.0-rc.1)
    - AgoraRtcEngine_iOS/PVC (= 4.0.0-rc.1)
    - AgoraRtcEngine_iOS/ReplayKit (= 4.0.0-rc.1)
    - AgoraRtcEngine_iOS/RtcBasic (= 4.0.0-rc.1)
    - AgoraRtcEngine_iOS/SpatialAudio (= 4.0.0-rc.1)
    - AgoraRtcEngine_iOS/SuperResolution (= 4.0.0-rc.1)
    - AgoraRtcEngine_iOS/VirtualBackground (= 4.0.0-rc.1)
  - AgoraRtcEngine_iOS/AINS (4.0.0-rc.1)
  - AgoraRtcEngine_iOS/AudioBeauty (4.0.0-rc.1)
  - AgoraRtcEngine_iOS/ClearVision (4.0.0-rc.1)
  - AgoraRtcEngine_iOS/ContentInspect (4.0.0-rc.1)
  - AgoraRtcEngine_iOS/PVC (4.0.0-rc.1)
  - AgoraRtcEngine_iOS/ReplayKit (4.0.0-rc.1)
  - AgoraRtcEngine_iOS/RtcBasic (4.0.0-rc.1)
  - AgoraRtcEngine_iOS/SpatialAudio (4.0.0-rc.1)
  - AgoraRtcEngine_iOS/SuperResolution (4.0.0-rc.1)
  - AgoraRtcEngine_iOS/VirtualBackground (4.0.0-rc.1)
  - BytedEffectSDK (4.3.0)
  - SSZipArchive (2.4.3)

DEPENDENCIES:
  - AgoraRtcEngine_iOS (= 4.0.0-rc.1)
  - BytedEffectSDK (from `./`)
  - SSZipArchive

SPEC REPOS:
  trunk:
    - AgoraRtcEngine_iOS
    - SSZipArchive

EXTERNAL SOURCES:
  BytedEffectSDK:
    :path: "./"

SPEC CHECKSUMS:
  AgoraRtcEngine_iOS: 1b78af79120066c230cf9281d8587813ce6a8323
  BytedEffectSDK: 553374c2e36859edce6eb9b5cdd9d2307bb97248
  SSZipArchive: fe6a26b2a54d5a0890f2567b5cc6de5caa600aef

PODFILE CHECKSUM: b6342842aac2d0ff470371128ffc93a43a6bef4f

COCOAPODS: 1.11.2
